// !$*UTF8*$!
{
	archiveVersion = 1;
	classes = {
	};
	objectVersion = 46;
	objects = {

/* Begin PBXBuildFile section */
		AE1C88D91E4BFEB90071508F /* AppDelegate.swift in Sources */ = {isa = PBXBuildFile; fileRef = AE1C88D81E4BFEB90071508F /* AppDelegate.swift */; };
		AE1C88DD1E4BFEBA0071508F /* Assets.xcassets in Resources */ = {isa = PBXBuildFile; fileRef = AE1C88DC1E4BFEBA0071508F /* Assets.xcassets */; };
		AE1C88E01E4BFEBA0071508F /* Main.storyboard in Resources */ = {isa = PBXBuildFile; fileRef = AE1C88DE1E4BFEBA0071508F /* Main.storyboard */; };
		AE1C88EB1E4BFEBA0071508F /* AzusaUITests.swift in Sources */ = {isa = PBXBuildFile; fileRef = AE1C88EA1E4BFEBA0071508F /* AzusaUITests.swift */; };
		AE1C88F81E4C072B0071508F /* MusicPlayerController.swift in Sources */ = {isa = PBXBuildFile; fileRef = AE1C88F71E4C072B0071508F /* MusicPlayerController.swift */; };
		AE5A73281E4D6822003D7280 /* SidebarController.swift in Sources */ = {isa = PBXBuildFile; fileRef = AE5A73271E4D6822003D7280 /* SidebarController.swift */; };
		AE5A732A1E4D68F0003D7280 /* ContentController.swift in Sources */ = {isa = PBXBuildFile; fileRef = AE5A73291E4D68F0003D7280 /* ContentController.swift */; };
		AE5A73301E4D735A003D7280 /* SidebarModel.swift in Sources */ = {isa = PBXBuildFile; fileRef = AE5A732F1E4D735A003D7280 /* SidebarModel.swift */; };
		AE5A73341E4D80A7003D7280 /* SidebarItems.swift in Sources */ = {isa = PBXBuildFile; fileRef = AE5A73331E4D80A7003D7280 /* SidebarItems.swift */; };
		AEBA07D91E4E91F000C444D5 /* StatusProgressSliderCell.swift in Sources */ = {isa = PBXBuildFile; fileRef = AEBA07D81E4E91F000C444D5 /* StatusProgressSliderCell.swift */; };
		AEBA07DB1E4E96D300C444D5 /* ToolbarStatusView.swift in Sources */ = {isa = PBXBuildFile; fileRef = AEBA07DA1E4E96D300C444D5 /* ToolbarStatusView.swift */; };
		AEBA07DF1E4EA04800C444D5 /* StatusView.xib in Resources */ = {isa = PBXBuildFile; fileRef = AEBA07DE1E4EA04800C444D5 /* StatusView.xib */; };
		AEC554A21E4DDA0500D6A987 /* StatusView.swift in Sources */ = {isa = PBXBuildFile; fileRef = AEC554A11E4DDA0500D6A987 /* StatusView.swift */; };
/* End PBXBuildFile section */

/* Begin PBXContainerItemProxy section */
		AE1C88E71E4BFEBA0071508F /* PBXContainerItemProxy */ = {
			isa = PBXContainerItemProxy;
			containerPortal = AE1C88CD1E4BFEB90071508F /* Project object */;
			proxyType = 1;
			remoteGlobalIDString = AE1C88D41E4BFEB90071508F;
			remoteInfo = Azusa;
		};
/* End PBXContainerItemProxy section */

/* Begin PBXFileReference section */
		AE1C88D51E4BFEB90071508F /* Azusa.app */ = {isa = PBXFileReference; explicitFileType = wrapper.application; includeInIndex = 0; path = Azusa.app; sourceTree = BUILT_PRODUCTS_DIR; };
		AE1C88D81E4BFEB90071508F /* AppDelegate.swift */ = {isa = PBXFileReference; lastKnownFileType = sourcecode.swift; path = AppDelegate.swift; sourceTree = "<group>"; };
		AE1C88DC1E4BFEBA0071508F /* Assets.xcassets */ = {isa = PBXFileReference; lastKnownFileType = folder.assetcatalog; path = Assets.xcassets; sourceTree = "<group>"; };
		AE1C88DF1E4BFEBA0071508F /* Base */ = {isa = PBXFileReference; lastKnownFileType = file.storyboard; name = Base; path = Base.lproj/Main.storyboard; sourceTree = "<group>"; };
		AE1C88E11E4BFEBA0071508F /* Info.plist */ = {isa = PBXFileReference; lastKnownFileType = text.plist.xml; path = Info.plist; sourceTree = "<group>"; };
		AE1C88E61E4BFEBA0071508F /* AzusaUITests.xctest */ = {isa = PBXFileReference; explicitFileType = wrapper.cfbundle; includeInIndex = 0; path = AzusaUITests.xctest; sourceTree = BUILT_PRODUCTS_DIR; };
		AE1C88EA1E4BFEBA0071508F /* AzusaUITests.swift */ = {isa = PBXFileReference; lastKnownFileType = sourcecode.swift; path = AzusaUITests.swift; sourceTree = "<group>"; };
		AE1C88EC1E4BFEBA0071508F /* Info.plist */ = {isa = PBXFileReference; lastKnownFileType = text.plist.xml; path = Info.plist; sourceTree = "<group>"; };
		AE1C88F71E4C072B0071508F /* MusicPlayerController.swift */ = {isa = PBXFileReference; fileEncoding = 4; lastKnownFileType = sourcecode.swift; path = MusicPlayerController.swift; sourceTree = "<group>"; };
		AE5A73271E4D6822003D7280 /* SidebarController.swift */ = {isa = PBXFileReference; fileEncoding = 4; lastKnownFileType = sourcecode.swift; path = SidebarController.swift; sourceTree = "<group>"; };
		AE5A73291E4D68F0003D7280 /* ContentController.swift */ = {isa = PBXFileReference; fileEncoding = 4; lastKnownFileType = sourcecode.swift; path = ContentController.swift; sourceTree = "<group>"; };
		AE5A732F1E4D735A003D7280 /* SidebarModel.swift */ = {isa = PBXFileReference; fileEncoding = 4; lastKnownFileType = sourcecode.swift; path = SidebarModel.swift; sourceTree = "<group>"; };
		AE5A73331E4D80A7003D7280 /* SidebarItems.swift */ = {isa = PBXFileReference; fileEncoding = 4; lastKnownFileType = sourcecode.swift; path = SidebarItems.swift; sourceTree = "<group>"; };
		AEBA07D81E4E91F000C444D5 /* StatusProgressSliderCell.swift */ = {isa = PBXFileReference; fileEncoding = 4; lastKnownFileType = sourcecode.swift; path = StatusProgressSliderCell.swift; sourceTree = "<group>"; };
		AEBA07DA1E4E96D300C444D5 /* ToolbarStatusView.swift */ = {isa = PBXFileReference; fileEncoding = 4; lastKnownFileType = sourcecode.swift; path = ToolbarStatusView.swift; sourceTree = "<group>"; };
		AEBA07DE1E4EA04800C444D5 /* StatusView.xib */ = {isa = PBXFileReference; fileEncoding = 4; lastKnownFileType = file.xib; path = StatusView.xib; sourceTree = "<group>"; };
		AEC554A11E4DDA0500D6A987 /* StatusView.swift */ = {isa = PBXFileReference; fileEncoding = 4; lastKnownFileType = sourcecode.swift; path = StatusView.swift; sourceTree = "<group>"; };
/* End PBXFileReference section */

/* Begin PBXFrameworksBuildPhase section */
		AE1C88D21E4BFEB90071508F /* Frameworks */ = {
			isa = PBXFrameworksBuildPhase;
			buildActionMask = 2147483647;
			files = (
			);
			runOnlyForDeploymentPostprocessing = 0;
		};
		AE1C88E31E4BFEBA0071508F /* Frameworks */ = {
			isa = PBXFrameworksBuildPhase;
			buildActionMask = 2147483647;
			files = (
			);
			runOnlyForDeploymentPostprocessing = 0;
		};
/* End PBXFrameworksBuildPhase section */

/* Begin PBXGroup section */
		AE1C88CC1E4BFEB90071508F = {
			isa = PBXGroup;
			children = (
				AE1C88D71E4BFEB90071508F /* Azusa */,
				AE1C88E91E4BFEBA0071508F /* AzusaUITests */,
				AE1C88D61E4BFEB90071508F /* Products */,
			);
			sourceTree = "<group>";
		};
		AE1C88D61E4BFEB90071508F /* Products */ = {
			isa = PBXGroup;
			children = (
				AE1C88D51E4BFEB90071508F /* Azusa.app */,
				AE1C88E61E4BFEBA0071508F /* AzusaUITests.xctest */,
			);
			name = Products;
			sourceTree = "<group>";
		};
		AE1C88D71E4BFEB90071508F /* Azusa */ = {
			isa = PBXGroup;
			children = (
				AE1C88D81E4BFEB90071508F /* AppDelegate.swift */,
				AE1C88F51E4BFFF70071508F /* Interface */,
				AE1C88F61E4C070C0071508F /* View Controllers */,
				AE5A732B1E4D7291003D7280 /* Model */,
				AEC554A31E4DF72800D6A987 /* Views */,
				AE5A73351E4D8B83003D7280 /* Libraries */,
				AE1C88DC1E4BFEBA0071508F /* Assets.xcassets */,
				AE1C88E11E4BFEBA0071508F /* Info.plist */,
			);
			path = Azusa;
			sourceTree = "<group>";
		};
		AE1C88E91E4BFEBA0071508F /* AzusaUITests */ = {
			isa = PBXGroup;
			children = (
				AE1C88EA1E4BFEBA0071508F /* AzusaUITests.swift */,
				AE1C88EC1E4BFEBA0071508F /* Info.plist */,
			);
			path = AzusaUITests;
			sourceTree = "<group>";
		};
		AE1C88F51E4BFFF70071508F /* Interface */ = {
			isa = PBXGroup;
			children = (
				AE1C88DE1E4BFEBA0071508F /* Main.storyboard */,
				AEC5549E1E4DD9DB00D6A987 /* Status */,
			);
			name = Interface;
			sourceTree = "<group>";
		};
		AE1C88F61E4C070C0071508F /* View Controllers */ = {
			isa = PBXGroup;
			children = (
				AE1C88F71E4C072B0071508F /* MusicPlayerController.swift */,
				AE5A73271E4D6822003D7280 /* SidebarController.swift */,
				AE5A73291E4D68F0003D7280 /* ContentController.swift */,
			);
			path = "View Controllers";
			sourceTree = "<group>";
		};
		AE5A732B1E4D7291003D7280 /* Model */ = {
			isa = PBXGroup;
			children = (
				AE5A732C1E4D7340003D7280 /* Sidebar */,
			);
			path = Model;
			sourceTree = "<group>";
		};
		AE5A732C1E4D7340003D7280 /* Sidebar */ = {
			isa = PBXGroup;
			children = (
				AE5A732F1E4D735A003D7280 /* SidebarModel.swift */,
				AE5A73331E4D80A7003D7280 /* SidebarItems.swift */,
			);
			path = Sidebar;
			sourceTree = "<group>";
		};
		AE5A73351E4D8B83003D7280 /* Libraries */ = {
			isa = PBXGroup;
			children = (
			);
			path = Libraries;
			sourceTree = "<group>";
		};
		AEC5549E1E4DD9DB00D6A987 /* Status */ = {
			isa = PBXGroup;
			children = (
				AEBA07DE1E4EA04800C444D5 /* StatusView.xib */,
				AEC554A11E4DDA0500D6A987 /* StatusView.swift */,
				AEBA07D81E4E91F000C444D5 /* StatusProgressSliderCell.swift */,
				AEBA07DA1E4E96D300C444D5 /* ToolbarStatusView.swift */,
			);
			name = Status;
			path = Interface/Status;
			sourceTree = "<group>";
		};
		AEC554A31E4DF72800D6A987 /* Views */ = {
			isa = PBXGroup;
			children = (
			);
			path = Views;
			sourceTree = "<group>";
		};
/* End PBXGroup section */

/* Begin PBXNativeTarget section */
		AE1C88D41E4BFEB90071508F /* Azusa */ = {
			isa = PBXNativeTarget;
			buildConfigurationList = AE1C88EF1E4BFEBA0071508F /* Build configuration list for PBXNativeTarget "Azusa" */;
			buildPhases = (
				AE1C88D11E4BFEB90071508F /* Sources */,
				AE1C88D21E4BFEB90071508F /* Frameworks */,
				AE1C88D31E4BFEB90071508F /* Resources */,
			);
			buildRules = (
			);
			dependencies = (
			);
			name = Azusa;
			productName = Azusa;
			productReference = AE1C88D51E4BFEB90071508F /* Azusa.app */;
			productType = "com.apple.product-type.application";
		};
		AE1C88E51E4BFEBA0071508F /* AzusaUITests */ = {
			isa = PBXNativeTarget;
			buildConfigurationList = AE1C88F21E4BFEBA0071508F /* Build configuration list for PBXNativeTarget "AzusaUITests" */;
			buildPhases = (
				AE1C88E21E4BFEBA0071508F /* Sources */,
				AE1C88E31E4BFEBA0071508F /* Frameworks */,
				AE1C88E41E4BFEBA0071508F /* Resources */,
			);
			buildRules = (
			);
			dependencies = (
				AE1C88E81E4BFEBA0071508F /* PBXTargetDependency */,
			);
			name = AzusaUITests;
			productName = AzusaUITests;
			productReference = AE1C88E61E4BFEBA0071508F /* AzusaUITests.xctest */;
			productType = "com.apple.product-type.bundle.ui-testing";
		};
/* End PBXNativeTarget section */

/* Begin PBXProject section */
		AE1C88CD1E4BFEB90071508F /* Project object */ = {
			isa = PBXProject;
			attributes = {
				LastSwiftUpdateCheck = 0820;
				LastUpgradeCheck = 0820;
				ORGANIZATIONNAME = DrabWeb;
				TargetAttributes = {
					AE1C88D41E4BFEB90071508F = {
						CreatedOnToolsVersion = 8.2.1;
						ProvisioningStyle = Automatic;
					};
					AE1C88E51E4BFEBA0071508F = {
						CreatedOnToolsVersion = 8.2.1;
						ProvisioningStyle = Automatic;
						TestTargetID = AE1C88D41E4BFEB90071508F;
					};
				};
			};
			buildConfigurationList = AE1C88D01E4BFEB90071508F /* Build configuration list for PBXProject "Azusa" */;
			compatibilityVersion = "Xcode 3.2";
			developmentRegion = English;
			hasScannedForEncodings = 0;
			knownRegions = (
				en,
				Base,
			);
			mainGroup = AE1C88CC1E4BFEB90071508F;
			productRefGroup = AE1C88D61E4BFEB90071508F /* Products */;
			projectDirPath = "";
			projectRoot = "";
			targets = (
				AE1C88D41E4BFEB90071508F /* Azusa */,
				AE1C88E51E4BFEBA0071508F /* AzusaUITests */,
			);
		};
/* End PBXProject section */

/* Begin PBXResourcesBuildPhase section */
		AE1C88D31E4BFEB90071508F /* Resources */ = {
			isa = PBXResourcesBuildPhase;
			buildActionMask = 2147483647;
			files = (
				AE1C88DD1E4BFEBA0071508F /* Assets.xcassets in Resources */,
				AEBA07DF1E4EA04800C444D5 /* StatusView.xib in Resources */,
				AE1C88E01E4BFEBA0071508F /* Main.storyboard in Resources */,
			);
			runOnlyForDeploymentPostprocessing = 0;
		};
		AE1C88E41E4BFEBA0071508F /* Resources */ = {
			isa = PBXResourcesBuildPhase;
			buildActionMask = 2147483647;
			files = (
			);
			runOnlyForDeploymentPostprocessing = 0;
		};
/* End PBXResourcesBuildPhase section */

/* Begin PBXSourcesBuildPhase section */
		AE1C88D11E4BFEB90071508F /* Sources */ = {
			isa = PBXSourcesBuildPhase;
			buildActionMask = 2147483647;
			files = (
				AE1C88D91E4BFEB90071508F /* AppDelegate.swift in Sources */,
				AEBA07D91E4E91F000C444D5 /* StatusProgressSliderCell.swift in Sources */,
				AE5A73281E4D6822003D7280 /* SidebarController.swift in Sources */,
				AE5A732A1E4D68F0003D7280 /* ContentController.swift in Sources */,
				AE5A73301E4D735A003D7280 /* SidebarModel.swift in Sources */,
				AEC554A21E4DDA0500D6A987 /* StatusView.swift in Sources */,
				AE1C88F81E4C072B0071508F /* MusicPlayerController.swift in Sources */,
				AEBA07DB1E4E96D300C444D5 /* ToolbarStatusView.swift in Sources */,
				AE5A73341E4D80A7003D7280 /* SidebarItems.swift in Sources */,
			);
			runOnlyForDeploymentPostprocessing = 0;
		};
		AE1C88E21E4BFEBA0071508F /* Sources */ = {
			isa = PBXSourcesBuildPhase;
			buildActionMask = 2147483647;
			files = (
				AE1C88EB1E4BFEBA0071508F /* AzusaUITests.swift in Sources */,
			);
			runOnlyForDeploymentPostprocessing = 0;
		};
/* End PBXSourcesBuildPhase section */

/* Begin PBXTargetDependency section */
		AE1C88E81E4BFEBA0071508F /* PBXTargetDependency */ = {
			isa = PBXTargetDependency;
			target = AE1C88D41E4BFEB90071508F /* Azusa */;
			targetProxy = AE1C88E71E4BFEBA0071508F /* PBXContainerItemProxy */;
		};
/* End PBXTargetDependency section */

/* Begin PBXVariantGroup section */
		AE1C88DE1E4BFEBA0071508F /* Main.storyboard */ = {
			isa = PBXVariantGroup;
			children = (
				AE1C88DF1E4BFEBA0071508F /* Base */,
			);
			name = Main.storyboard;
			sourceTree = "<group>";
		};
/* End PBXVariantGroup section */

/* Begin XCBuildConfiguration section */
		AE1C88ED1E4BFEBA0071508F /* Debug */ = {
			isa = XCBuildConfiguration;
			buildSettings = {
				ALWAYS_SEARCH_USER_PATHS = NO;
				CLANG_ANALYZER_NONNULL = YES;
				CLANG_CXX_LANGUAGE_STANDARD = "gnu++0x";
				CLANG_CXX_LIBRARY = "libc++";
				CLANG_ENABLE_MODULES = YES;
				CLANG_ENABLE_OBJC_ARC = YES;
				CLANG_WARN_BOOL_CONVERSION = YES;
				CLANG_WARN_CONSTANT_CONVERSION = YES;
				CLANG_WARN_DIRECT_OBJC_ISA_USAGE = YES_ERROR;
				CLANG_WARN_DOCUMENTATION_COMMENTS = YES;
				CLANG_WARN_EMPTY_BODY = YES;
				CLANG_WARN_ENUM_CONVERSION = YES;
				CLANG_WARN_INFINITE_RECURSION = YES;
				CLANG_WARN_INT_CONVERSION = YES;
				CLANG_WARN_OBJC_ROOT_CLASS = YES_ERROR;
				CLANG_WARN_SUSPICIOUS_MOVE = YES;
				CLANG_WARN_UNREACHABLE_CODE = YES;
				CLANG_WARN__DUPLICATE_METHOD_MATCH = YES;
				CODE_SIGN_IDENTITY = "-";
				COPY_PHASE_STRIP = NO;
				DEBUG_INFORMATION_FORMAT = dwarf;
				ENABLE_STRICT_OBJC_MSGSEND = YES;
				ENABLE_TESTABILITY = YES;
				GCC_C_LANGUAGE_STANDARD = gnu99;
				GCC_DYNAMIC_NO_PIC = NO;
				GCC_NO_COMMON_BLOCKS = YES;
				GCC_OPTIMIZATION_LEVEL = 0;
				GCC_PREPROCESSOR_DEFINITIONS = (
					"DEBUG=1",
					"$(inherited)",
				);
				GCC_TREAT_WARNINGS_AS_ERRORS = NO;
				GCC_WARN_64_TO_32_BIT_CONVERSION = YES;
				GCC_WARN_ABOUT_RETURN_TYPE = YES_ERROR;
				GCC_WARN_UNDECLARED_SELECTOR = YES;
				GCC_WARN_UNINITIALIZED_AUTOS = YES_AGGRESSIVE;
				GCC_WARN_UNUSED_FUNCTION = YES;
				GCC_WARN_UNUSED_LABEL = YES;
				GCC_WARN_UNUSED_PARAMETER = YES;
				GCC_WARN_UNUSED_VARIABLE = YES;
				MACOSX_DEPLOYMENT_TARGET = 10.12;
				MTL_ENABLE_DEBUG_INFO = YES;
				ONLY_ACTIVE_ARCH = YES;
				SDKROOT = macosx;
				SWIFT_ACTIVE_COMPILATION_CONDITIONS = DEBUG;
				SWIFT_OPTIMIZATION_LEVEL = "-Onone";
			};
			name = Debug;
		};
		AE1C88EE1E4BFEBA0071508F /* Release */ = {
			isa = XCBuildConfiguration;
			buildSettings = {
				ALWAYS_SEARCH_USER_PATHS = NO;
				CLANG_ANALYZER_NONNULL = YES;
				CLANG_CXX_LANGUAGE_STANDARD = "gnu++0x";
				CLANG_CXX_LIBRARY = "libc++";
				CLANG_ENABLE_MODULES = YES;
				CLANG_ENABLE_OBJC_ARC = YES;
				CLANG_WARN_BOOL_CONVERSION = YES;
				CLANG_WARN_CONSTANT_CONVERSION = YES;
				CLANG_WARN_DIRECT_OBJC_ISA_USAGE = YES_ERROR;
				CLANG_WARN_DOCUMENTATION_COMMENTS = YES;
				CLANG_WARN_EMPTY_BODY = YES;
				CLANG_WARN_ENUM_CONVERSION = YES;
				CLANG_WARN_INFINITE_RECURSION = YES;
				CLANG_WARN_INT_CONVERSION = YES;
				CLANG_WARN_OBJC_ROOT_CLASS = YES_ERROR;
				CLANG_WARN_SUSPICIOUS_MOVE = YES;
				CLANG_WARN_UNREACHABLE_CODE = YES;
				CLANG_WARN__DUPLICATE_METHOD_MATCH = YES;
				CODE_SIGN_IDENTITY = "-";
				COPY_PHASE_STRIP = NO;
				DEBUG_INFORMATION_FORMAT = "dwarf-with-dsym";
				ENABLE_NS_ASSERTIONS = NO;
				ENABLE_STRICT_OBJC_MSGSEND = YES;
				GCC_C_LANGUAGE_STANDARD = gnu99;
				GCC_NO_COMMON_BLOCKS = YES;
				GCC_TREAT_WARNINGS_AS_ERRORS = NO;
				GCC_WARN_64_TO_32_BIT_CONVERSION = YES;
				GCC_WARN_ABOUT_RETURN_TYPE = YES_ERROR;
				GCC_WARN_UNDECLARED_SELECTOR = YES;
				GCC_WARN_UNINITIALIZED_AUTOS = YES_AGGRESSIVE;
				GCC_WARN_UNUSED_FUNCTION = YES;
				GCC_WARN_UNUSED_LABEL = YES;
				GCC_WARN_UNUSED_PARAMETER = YES;
				GCC_WARN_UNUSED_VARIABLE = YES;
				MACOSX_DEPLOYMENT_TARGET = 10.12;
				MTL_ENABLE_DEBUG_INFO = NO;
				SDKROOT = macosx;
				SWIFT_OPTIMIZATION_LEVEL = "-Owholemodule";
			};
			name = Release;
		};
		AE1C88F01E4BFEBA0071508F /* Debug */ = {
			isa = XCBuildConfiguration;
			buildSettings = {
				ASSETCATALOG_COMPILER_APPICON_NAME = AppIcon;
				COMBINE_HIDPI_IMAGES = YES;
				INFOPLIST_FILE = Azusa/Info.plist;
				LD_RUNPATH_SEARCH_PATHS = "$(inherited) @executable_path/../Frameworks";
				LIBRARY_SEARCH_PATHS = "";
				MACOSX_DEPLOYMENT_TARGET = 10.11;
				PRODUCT_BUNDLE_IDENTIFIER = drabweb.Azusa;
				PRODUCT_NAME = "$(TARGET_NAME)";
				SWIFT_INCLUDE_PATHS = "";
				SWIFT_OBJC_BRIDGING_HEADER = "";
				SWIFT_VERSION = 3.0;
			};
			name = Debug;
		};
		AE1C88F11E4BFEBA0071508F /* Release */ = {
			isa = XCBuildConfiguration;
			buildSettings = {
				ASSETCATALOG_COMPILER_APPICON_NAME = AppIcon;
				COMBINE_HIDPI_IMAGES = YES;
				INFOPLIST_FILE = Azusa/Info.plist;
				LD_RUNPATH_SEARCH_PATHS = "$(inherited) @executable_path/../Frameworks";
				LIBRARY_SEARCH_PATHS = "";
				MACOSX_DEPLOYMENT_TARGET = 10.11;
				PRODUCT_BUNDLE_IDENTIFIER = drabweb.Azusa;
				PRODUCT_NAME = "$(TARGET_NAME)";
				SWIFT_INCLUDE_PATHS = "";
				SWIFT_OBJC_BRIDGING_HEADER = "";
				SWIFT_VERSION = 3.0;
			};
			name = Release;
		};
		AE1C88F31E4BFEBA0071508F /* Debug */ = {
			isa = XCBuildConfiguration;
			buildSettings = {
				ALWAYS_EMBED_SWIFT_STANDARD_LIBRARIES = YES;
				COMBINE_HIDPI_IMAGES = YES;
				INFOPLIST_FILE = AzusaUITests/Info.plist;
				LD_RUNPATH_SEARCH_PATHS = "$(inherited) @executable_path/../Frameworks @loader_path/../Frameworks";
				PRODUCT_BUNDLE_IDENTIFIER = drabweb.AzusaUITests;
				PRODUCT_NAME = "$(TARGET_NAME)";
				SWIFT_VERSION = 3.0;
				TEST_TARGET_NAME = Azusa;
			};
			name = Debug;
		};
		AE1C88F41E4BFEBA0071508F /* Release */ = {
			isa = XCBuildConfiguration;
			buildSettings = {
				ALWAYS_EMBED_SWIFT_STANDARD_LIBRARIES = YES;
				COMBINE_HIDPI_IMAGES = YES;
				INFOPLIST_FILE = AzusaUITests/Info.plist;
				LD_RUNPATH_SEARCH_PATHS = "$(inherited) @executable_path/../Frameworks @loader_path/../Frameworks";
				PRODUCT_BUNDLE_IDENTIFIER = drabweb.AzusaUITests;
				PRODUCT_NAME = "$(TARGET_NAME)";
				SWIFT_VERSION = 3.0;
				TEST_TARGET_NAME = Azusa;
			};
			name = Release;
		};
/* End XCBuildConfiguration section */

/* Begin XCConfigurationList section */
		AE1C88D01E4BFEB90071508F /* Build configuration list for PBXProject "Azusa" */ = {
			isa = XCConfigurationList;
			buildConfigurations = (
				AE1C88ED1E4BFEBA0071508F /* Debug */,
				AE1C88EE1E4BFEBA0071508F /* Release */,
			);
			defaultConfigurationIsVisible = 0;
			defaultConfigurationName = Release;
		};
		AE1C88EF1E4BFEBA0071508F /* Build configuration list for PBXNativeTarget "Azusa" */ = {
			isa = XCConfigurationList;
			buildConfigurations = (
				AE1C88F01E4BFEBA0071508F /* Debug */,
				AE1C88F11E4BFEBA0071508F /* Release */,
			);
			defaultConfigurationIsVisible = 0;
			defaultConfigurationName = Release;
		};
		AE1C88F21E4BFEBA0071508F /* Build configuration list for PBXNativeTarget "AzusaUITests" */ = {
			isa = XCConfigurationList;
			buildConfigurations = (
				AE1C88F31E4BFEBA0071508F /* Debug */,
				AE1C88F41E4BFEBA0071508F /* Release */,
			);
			defaultConfigurationIsVisible = 0;
			defaultConfigurationName = Release;
		};
/* End XCConfigurationList section */
	};
	rootObject = AE1C88CD1E4BFEB90071508F /* Project object */;
}
