// !$*UTF8*$!
{
	archiveVersion = 1;
	classes = {
	};
	objectVersion = 46;
	objects = {

/* Begin PBXBuildFile section */
		365584465681754B39AB2F76 /* Pods_Azusa.framework in Frameworks */ = {isa = PBXBuildFile; fileRef = A7D7D6908FF45860FCE40E70 /* Pods_Azusa.framework */; };
		63B2E3C1852F3FAB435DB8D3 /* Pods_Azusa_AzusaTests.framework in Frameworks */ = {isa = PBXBuildFile; fileRef = FE8E74CB10E92694EC1CA13F /* Pods_Azusa_AzusaTests.framework */; };
		79300E65A5FC66D4D7B5756E /* Pods_AzusaUITests.framework in Frameworks */ = {isa = PBXBuildFile; fileRef = 87980E1FE99B4E409C9A68D3 /* Pods_AzusaUITests.framework */; };
		82F685E783B3F5C538261B18 /* Pods_AzusaTests.framework in Frameworks */ = {isa = PBXBuildFile; fileRef = 9D54715146391BE5584F2FBD /* Pods_AzusaTests.framework */; };
		AE0A5AE01E2F067700165708 /* AZExpandableCollectionViewLayout.swift in Sources */ = {isa = PBXBuildFile; fileRef = AE0A5ADF1E2F067700165708 /* AZExpandableCollectionViewLayout.swift */; };
		AE1643C81E22D154001624BC /* AZVolumeSlider.swift in Sources */ = {isa = PBXBuildFile; fileRef = AE1643C71E22D154001624BC /* AZVolumeSlider.swift */; };
		AE2AF77D1DFC9A4F00580839 /* AZAspectFillImageView.swift in Sources */ = {isa = PBXBuildFile; fileRef = AE2AF77C1DFC9A4F00580839 /* AZAspectFillImageView.swift */; };
		AE45A5B31E2BDF550029A24C /* AZMusicPlayerContentViewController.swift in Sources */ = {isa = PBXBuildFile; fileRef = AE45A5B21E2BDF550029A24C /* AZMusicPlayerContentViewController.swift */; };
		AE4C9B461E230CA600E2FD4C /* WAYWindow.m in Sources */ = {isa = PBXBuildFile; fileRef = AE4C9B451E230CA600E2FD4C /* WAYWindow.m */; };
		AE57370F1E2DAA8400B647AD /* AZPopupTriangleView.swift in Sources */ = {isa = PBXBuildFile; fileRef = AE57370E1E2DAA8400B647AD /* AZPopupTriangleView.swift */; };
		AE5A63371DF9135D002301F6 /* MIMPDPlayerStatus.swift in Sources */ = {isa = PBXBuildFile; fileRef = AE5A63361DF9135D002301F6 /* MIMPDPlayerStatus.swift */; };
		AE5A63391DF91408002301F6 /* MISong.swift in Sources */ = {isa = PBXBuildFile; fileRef = AE5A63381DF91408002301F6 /* MISong.swift */; };
		AE602EF41DF8E8E3002225CB /* AppDelegate.swift in Sources */ = {isa = PBXBuildFile; fileRef = AE602EF31DF8E8E3002225CB /* AppDelegate.swift */; };
		AE602EF81DF8E8E3002225CB /* Assets.xcassets in Resources */ = {isa = PBXBuildFile; fileRef = AE602EF71DF8E8E3002225CB /* Assets.xcassets */; };
		AE602EFB1DF8E8E3002225CB /* Main.storyboard in Resources */ = {isa = PBXBuildFile; fileRef = AE602EF91DF8E8E3002225CB /* Main.storyboard */; };
		AE602F061DF8E8E3002225CB /* AzusaTests.swift in Sources */ = {isa = PBXBuildFile; fileRef = AE602F051DF8E8E3002225CB /* AzusaTests.swift */; };
		AE602F111DF8E8E3002225CB /* AzusaUITests.swift in Sources */ = {isa = PBXBuildFile; fileRef = AE602F101DF8E8E3002225CB /* AzusaUITests.swift */; };
		AE602FC01DF8EB26002225CB /* libmpdclient.a in Frameworks */ = {isa = PBXBuildFile; fileRef = AE602FA11DF8EB26002225CB /* libmpdclient.a */; };
		AE602FC11DF8EB26002225CB /* LICENSE in Resources */ = {isa = PBXBuildFile; fileRef = AE602FA21DF8EB26002225CB /* LICENSE */; };
		AE602FC51DF8EDB9002225CB /* MIMPD.swift in Sources */ = {isa = PBXBuildFile; fileRef = AE602FC41DF8EDB9002225CB /* MIMPD.swift */; };
		AE602FC81DF8F7D6002225CB /* AZLogger.swift in Sources */ = {isa = PBXBuildFile; fileRef = AE602FC71DF8F7D6002225CB /* AZLogger.swift */; };
		AE602FCD1DF90289002225CB /* AZMusicUtilities.swift in Sources */ = {isa = PBXBuildFile; fileRef = AE602FCC1DF90289002225CB /* AZMusicUtilities.swift */; };
		AE602FD01DF906EC002225CB /* MIMPDStats.swift in Sources */ = {isa = PBXBuildFile; fileRef = AE602FCF1DF906EC002225CB /* MIMPDStats.swift */; };
		AE602FD71DF90818002225CB /* AZMusicPlayer.swift in Sources */ = {isa = PBXBuildFile; fileRef = AE602FD31DF90818002225CB /* AZMusicPlayer.swift */; };
		AE602FD81DF90818002225CB /* AZSong.swift in Sources */ = {isa = PBXBuildFile; fileRef = AE602FD41DF90818002225CB /* AZSong.swift */; };
		AE602FD91DF90818002225CB /* AZPlayerStatus.swift in Sources */ = {isa = PBXBuildFile; fileRef = AE602FD51DF90818002225CB /* AZPlayerStatus.swift */; };
		AE602FDC1DF90894002225CB /* AZEventSubscriber.swift in Sources */ = {isa = PBXBuildFile; fileRef = AE602FDB1DF90894002225CB /* AZEventSubscriber.swift */; };
		AE7CE04A1E2AB6CB0052AE8E /* AZAlbumDetailsView.swift in Sources */ = {isa = PBXBuildFile; fileRef = AE7CE0481E2AB6CB0052AE8E /* AZAlbumDetailsView.swift */; };
		AE7CE04B1E2AB6CB0052AE8E /* AZAlbumDetailsView.xib in Resources */ = {isa = PBXBuildFile; fileRef = AE7CE0491E2AB6CB0052AE8E /* AZAlbumDetailsView.xib */; };
		AE88619D1E245F6300EBB23E /* AZMusicPlayerViewController.swift in Sources */ = {isa = PBXBuildFile; fileRef = AE88619C1E245F6300EBB23E /* AZMusicPlayerViewController.swift */; };
		AE8861A11E24706700EBB23E /* AZMusicPlayerToolbarView.swift in Sources */ = {isa = PBXBuildFile; fileRef = AE8861A01E24706700EBB23E /* AZMusicPlayerToolbarView.swift */; };
		AE8861A31E24707000EBB23E /* AZMusicPlayerToolbarView.xib in Resources */ = {isa = PBXBuildFile; fileRef = AE8861A21E24707000EBB23E /* AZMusicPlayerToolbarView.xib */; };
		AE98A43F1DFE23E80004F9CF /* MIMusicPlayer.swift in Sources */ = {isa = PBXBuildFile; fileRef = AE98A43E1DFE23E80004F9CF /* MIMusicPlayer.swift */; };
		AE98A4411DFE85150004F9CF /* AZQueueViewController.swift in Sources */ = {isa = PBXBuildFile; fileRef = AE98A4401DFE85150004F9CF /* AZQueueViewController.swift */; };
		AEAFBF051E25A86D0079596D /* AZMusicPlayerAlbumsCollectionViewItem.swift in Sources */ = {isa = PBXBuildFile; fileRef = AEAFBF031E25A86D0079596D /* AZMusicPlayerAlbumsCollectionViewItem.swift */; };
		AEAFBF061E25A86D0079596D /* AZMusicPlayerAlbumsCollectionViewItem.xib in Resources */ = {isa = PBXBuildFile; fileRef = AEAFBF041E25A86D0079596D /* AZMusicPlayerAlbumsCollectionViewItem.xib */; };
		AEAFBF081E25B1340079596D /* AZRoundDarkEdgedImageView.swift in Sources */ = {isa = PBXBuildFile; fileRef = AEAFBF071E25B1340079596D /* AZRoundDarkEdgedImageView.swift */; };
		AED3093A1DFF8C9F0053AA53 /* AZCoverDatabase.swift in Sources */ = {isa = PBXBuildFile; fileRef = AED309391DFF8C9F0053AA53 /* AZCoverDatabase.swift */; };
		AED38A201DFF513E00F410E3 /* AZProgressBarCell.swift in Sources */ = {isa = PBXBuildFile; fileRef = AED38A1E1DFF513E00F410E3 /* AZProgressBarCell.swift */; };
		AED38A211DFF513E00F410E3 /* AZToolbarStatusView.swift in Sources */ = {isa = PBXBuildFile; fileRef = AED38A1F1DFF513E00F410E3 /* AZToolbarStatusView.swift */; };
		AED38A231DFF518300F410E3 /* AZQueueTableCellView.swift in Sources */ = {isa = PBXBuildFile; fileRef = AED38A221DFF518300F410E3 /* AZQueueTableCellView.swift */; };
		AED38A251DFF6A4E00F410E3 /* AZQueueTableView.swift in Sources */ = {isa = PBXBuildFile; fileRef = AED38A241DFF6A4D00F410E3 /* AZQueueTableView.swift */; };
		AEDC326C1DFA008C00538F24 /* AZArtist.swift in Sources */ = {isa = PBXBuildFile; fileRef = AEDC326B1DFA008C00538F24 /* AZArtist.swift */; };
		AEDC326E1DFA009700538F24 /* AZAlbum.swift in Sources */ = {isa = PBXBuildFile; fileRef = AEDC326D1DFA009700538F24 /* AZAlbum.swift */; };
		AEDC32721DFA0E0F00538F24 /* AZGenre.swift in Sources */ = {isa = PBXBuildFile; fileRef = AEDC32711DFA0E0F00538F24 /* AZGenre.swift */; };
		AEF6EE781E088F1F009990CB /* AZMusicPlayerSidebarViewController.swift in Sources */ = {isa = PBXBuildFile; fileRef = AEF6EE771E088F1F009990CB /* AZMusicPlayerSidebarViewController.swift */; };
		AEF6EE7C1E0891EA009990CB /* AZMusicPlayerSidebarModel.swift in Sources */ = {isa = PBXBuildFile; fileRef = AEF6EE7B1E0891EA009990CB /* AZMusicPlayerSidebarModel.swift */; };
		AEFC79711E0210F8006DE067 /* AZImageExtensions.swift in Sources */ = {isa = PBXBuildFile; fileRef = AEFC79701E0210F8006DE067 /* AZImageExtensions.swift */; };
/* End PBXBuildFile section */

/* Begin PBXContainerItemProxy section */
		AE602F021DF8E8E3002225CB /* PBXContainerItemProxy */ = {
			isa = PBXContainerItemProxy;
			containerPortal = AE602EE81DF8E8E3002225CB /* Project object */;
			proxyType = 1;
			remoteGlobalIDString = AE602EEF1DF8E8E3002225CB;
			remoteInfo = Azusa;
		};
		AE602F0D1DF8E8E3002225CB /* PBXContainerItemProxy */ = {
			isa = PBXContainerItemProxy;
			containerPortal = AE602EE81DF8E8E3002225CB /* Project object */;
			proxyType = 1;
			remoteGlobalIDString = AE602EEF1DF8E8E3002225CB;
			remoteInfo = Azusa;
		};
/* End PBXContainerItemProxy section */

/* Begin PBXFileReference section */
		11ACCD5CA55D2672DB574D6D /* Pods-AzusaTests.debug.xcconfig */ = {isa = PBXFileReference; includeInIndex = 1; lastKnownFileType = text.xcconfig; name = "Pods-AzusaTests.debug.xcconfig"; path = "Pods/Target Support Files/Pods-AzusaTests/Pods-AzusaTests.debug.xcconfig"; sourceTree = "<group>"; };
		3265FB410C534305FE0B5C5C /* Pods-AzusaUITests.debug.xcconfig */ = {isa = PBXFileReference; includeInIndex = 1; lastKnownFileType = text.xcconfig; name = "Pods-AzusaUITests.debug.xcconfig"; path = "Pods/Target Support Files/Pods-AzusaUITests/Pods-AzusaUITests.debug.xcconfig"; sourceTree = "<group>"; };
		5A106C4C9D9148717FAE70A8 /* Pods-Azusa.release.xcconfig */ = {isa = PBXFileReference; includeInIndex = 1; lastKnownFileType = text.xcconfig; name = "Pods-Azusa.release.xcconfig"; path = "Pods/Target Support Files/Pods-Azusa/Pods-Azusa.release.xcconfig"; sourceTree = "<group>"; };
		73B3D87199DA99DE2192B385 /* Pods-Azusa-AzusaTests.release.xcconfig */ = {isa = PBXFileReference; includeInIndex = 1; lastKnownFileType = text.xcconfig; name = "Pods-Azusa-AzusaTests.release.xcconfig"; path = "Pods/Target Support Files/Pods-Azusa-AzusaTests/Pods-Azusa-AzusaTests.release.xcconfig"; sourceTree = "<group>"; };
		74963163B4BE4F7B4349A80E /* Pods-AzusaUITests.release.xcconfig */ = {isa = PBXFileReference; includeInIndex = 1; lastKnownFileType = text.xcconfig; name = "Pods-AzusaUITests.release.xcconfig"; path = "Pods/Target Support Files/Pods-AzusaUITests/Pods-AzusaUITests.release.xcconfig"; sourceTree = "<group>"; };
		87980E1FE99B4E409C9A68D3 /* Pods_AzusaUITests.framework */ = {isa = PBXFileReference; explicitFileType = wrapper.framework; includeInIndex = 0; path = Pods_AzusaUITests.framework; sourceTree = BUILT_PRODUCTS_DIR; };
		87FF1DE3125EAFEFE628D835 /* Pods-AzusaTests.release.xcconfig */ = {isa = PBXFileReference; includeInIndex = 1; lastKnownFileType = text.xcconfig; name = "Pods-AzusaTests.release.xcconfig"; path = "Pods/Target Support Files/Pods-AzusaTests/Pods-AzusaTests.release.xcconfig"; sourceTree = "<group>"; };
		9D54715146391BE5584F2FBD /* Pods_AzusaTests.framework */ = {isa = PBXFileReference; explicitFileType = wrapper.framework; includeInIndex = 0; path = Pods_AzusaTests.framework; sourceTree = BUILT_PRODUCTS_DIR; };
		A7D7D6908FF45860FCE40E70 /* Pods_Azusa.framework */ = {isa = PBXFileReference; explicitFileType = wrapper.framework; includeInIndex = 0; path = Pods_Azusa.framework; sourceTree = BUILT_PRODUCTS_DIR; };
		A91C1207D0B3C8600F32B875 /* Pods-Azusa-AzusaTests.debug.xcconfig */ = {isa = PBXFileReference; includeInIndex = 1; lastKnownFileType = text.xcconfig; name = "Pods-Azusa-AzusaTests.debug.xcconfig"; path = "Pods/Target Support Files/Pods-Azusa-AzusaTests/Pods-Azusa-AzusaTests.debug.xcconfig"; sourceTree = "<group>"; };
		AE0A5ADF1E2F067700165708 /* AZExpandableCollectionViewLayout.swift */ = {isa = PBXFileReference; fileEncoding = 4; lastKnownFileType = sourcecode.swift; path = AZExpandableCollectionViewLayout.swift; sourceTree = "<group>"; };
		AE1643C71E22D154001624BC /* AZVolumeSlider.swift */ = {isa = PBXFileReference; fileEncoding = 4; lastKnownFileType = sourcecode.swift; path = AZVolumeSlider.swift; sourceTree = "<group>"; };
		AE2AF77C1DFC9A4F00580839 /* AZAspectFillImageView.swift */ = {isa = PBXFileReference; fileEncoding = 4; lastKnownFileType = sourcecode.swift; path = AZAspectFillImageView.swift; sourceTree = "<group>"; };
		AE45A5B21E2BDF550029A24C /* AZMusicPlayerContentViewController.swift */ = {isa = PBXFileReference; fileEncoding = 4; lastKnownFileType = sourcecode.swift; path = AZMusicPlayerContentViewController.swift; sourceTree = "<group>"; };
		AE4C9B441E230CA600E2FD4C /* WAYWindow.h */ = {isa = PBXFileReference; fileEncoding = 4; lastKnownFileType = sourcecode.c.h; path = WAYWindow.h; sourceTree = "<group>"; };
		AE4C9B451E230CA600E2FD4C /* WAYWindow.m */ = {isa = PBXFileReference; fileEncoding = 4; lastKnownFileType = sourcecode.c.objc; path = WAYWindow.m; sourceTree = "<group>"; };
		AE4C9B491E230D7100E2FD4C /* Bridging-Header.h */ = {isa = PBXFileReference; lastKnownFileType = sourcecode.c.h; path = "Bridging-Header.h"; sourceTree = "<group>"; };
		AE57370E1E2DAA8400B647AD /* AZPopupTriangleView.swift */ = {isa = PBXFileReference; fileEncoding = 4; lastKnownFileType = sourcecode.swift; path = AZPopupTriangleView.swift; sourceTree = "<group>"; };
		AE5A63361DF9135D002301F6 /* MIMPDPlayerStatus.swift */ = {isa = PBXFileReference; fileEncoding = 4; lastKnownFileType = sourcecode.swift; path = MIMPDPlayerStatus.swift; sourceTree = "<group>"; };
		AE5A63381DF91408002301F6 /* MISong.swift */ = {isa = PBXFileReference; fileEncoding = 4; lastKnownFileType = sourcecode.swift; path = MISong.swift; sourceTree = "<group>"; };
		AE602EF01DF8E8E3002225CB /* Azusa.app */ = {isa = PBXFileReference; explicitFileType = wrapper.application; includeInIndex = 0; path = Azusa.app; sourceTree = BUILT_PRODUCTS_DIR; };
		AE602EF31DF8E8E3002225CB /* AppDelegate.swift */ = {isa = PBXFileReference; lastKnownFileType = sourcecode.swift; path = AppDelegate.swift; sourceTree = "<group>"; };
		AE602EF71DF8E8E3002225CB /* Assets.xcassets */ = {isa = PBXFileReference; lastKnownFileType = folder.assetcatalog; path = Assets.xcassets; sourceTree = "<group>"; };
		AE602EFA1DF8E8E3002225CB /* Base */ = {isa = PBXFileReference; lastKnownFileType = file.storyboard; name = Base; path = Base.lproj/Main.storyboard; sourceTree = "<group>"; };
		AE602EFC1DF8E8E3002225CB /* Info.plist */ = {isa = PBXFileReference; lastKnownFileType = text.plist.xml; path = Info.plist; sourceTree = "<group>"; };
		AE602F011DF8E8E3002225CB /* AzusaTests.xctest */ = {isa = PBXFileReference; explicitFileType = wrapper.cfbundle; includeInIndex = 0; path = AzusaTests.xctest; sourceTree = BUILT_PRODUCTS_DIR; };
		AE602F051DF8E8E3002225CB /* AzusaTests.swift */ = {isa = PBXFileReference; lastKnownFileType = sourcecode.swift; path = AzusaTests.swift; sourceTree = "<group>"; };
		AE602F071DF8E8E3002225CB /* Info.plist */ = {isa = PBXFileReference; lastKnownFileType = text.plist.xml; path = Info.plist; sourceTree = "<group>"; };
		AE602F0C1DF8E8E3002225CB /* AzusaUITests.xctest */ = {isa = PBXFileReference; explicitFileType = wrapper.cfbundle; includeInIndex = 0; path = AzusaUITests.xctest; sourceTree = BUILT_PRODUCTS_DIR; };
		AE602F101DF8E8E3002225CB /* AzusaUITests.swift */ = {isa = PBXFileReference; lastKnownFileType = sourcecode.swift; path = AzusaUITests.swift; sourceTree = "<group>"; };
		AE602F121DF8E8E3002225CB /* Info.plist */ = {isa = PBXFileReference; lastKnownFileType = text.plist.xml; path = Info.plist; sourceTree = "<group>"; };
		AE602F8E1DF8EB26002225CB /* async.h */ = {isa = PBXFileReference; fileEncoding = 4; lastKnownFileType = sourcecode.c.h; path = async.h; sourceTree = "<group>"; };
		AE602F8F1DF8EB26002225CB /* audio_format.h */ = {isa = PBXFileReference; fileEncoding = 4; lastKnownFileType = sourcecode.c.h; path = audio_format.h; sourceTree = "<group>"; };
		AE602F901DF8EB26002225CB /* buffer.h */ = {isa = PBXFileReference; fileEncoding = 4; lastKnownFileType = sourcecode.c.h; path = buffer.h; sourceTree = "<group>"; };
		AE602F911DF8EB26002225CB /* capabilities.h */ = {isa = PBXFileReference; fileEncoding = 4; lastKnownFileType = sourcecode.c.h; path = capabilities.h; sourceTree = "<group>"; };
		AE602F921DF8EB26002225CB /* client.h */ = {isa = PBXFileReference; fileEncoding = 4; lastKnownFileType = sourcecode.c.h; path = client.h; sourceTree = "<group>"; };
		AE602F931DF8EB26002225CB /* compiler.h */ = {isa = PBXFileReference; fileEncoding = 4; lastKnownFileType = sourcecode.c.h; path = compiler.h; sourceTree = "<group>"; };
		AE602F941DF8EB26002225CB /* config.h */ = {isa = PBXFileReference; fileEncoding = 4; lastKnownFileType = sourcecode.c.h; path = config.h; sourceTree = "<group>"; };
		AE602F951DF8EB26002225CB /* connection.h */ = {isa = PBXFileReference; fileEncoding = 4; lastKnownFileType = sourcecode.c.h; path = connection.h; sourceTree = "<group>"; };
		AE602F961DF8EB26002225CB /* database.h */ = {isa = PBXFileReference; fileEncoding = 4; lastKnownFileType = sourcecode.c.h; path = database.h; sourceTree = "<group>"; };
		AE602F971DF8EB26002225CB /* directory.h */ = {isa = PBXFileReference; fileEncoding = 4; lastKnownFileType = sourcecode.c.h; path = directory.h; sourceTree = "<group>"; };
		AE602F981DF8EB26002225CB /* entity.h */ = {isa = PBXFileReference; fileEncoding = 4; lastKnownFileType = sourcecode.c.h; path = entity.h; sourceTree = "<group>"; };
		AE602F991DF8EB26002225CB /* error.h */ = {isa = PBXFileReference; fileEncoding = 4; lastKnownFileType = sourcecode.c.h; path = error.h; sourceTree = "<group>"; };
		AE602F9A1DF8EB26002225CB /* fd_util.h */ = {isa = PBXFileReference; fileEncoding = 4; lastKnownFileType = sourcecode.c.h; path = fd_util.h; sourceTree = "<group>"; };
		AE602F9B1DF8EB26002225CB /* iasync.h */ = {isa = PBXFileReference; fileEncoding = 4; lastKnownFileType = sourcecode.c.h; path = iasync.h; sourceTree = "<group>"; };
		AE602F9C1DF8EB26002225CB /* idle.h */ = {isa = PBXFileReference; fileEncoding = 4; lastKnownFileType = sourcecode.c.h; path = idle.h; sourceTree = "<group>"; };
		AE602F9D1DF8EB26002225CB /* ierror.h */ = {isa = PBXFileReference; fileEncoding = 4; lastKnownFileType = sourcecode.c.h; path = ierror.h; sourceTree = "<group>"; };
		AE602F9E1DF8EB26002225CB /* internal.h */ = {isa = PBXFileReference; fileEncoding = 4; lastKnownFileType = sourcecode.c.h; path = internal.h; sourceTree = "<group>"; };
		AE602F9F1DF8EB26002225CB /* isend.h */ = {isa = PBXFileReference; fileEncoding = 4; lastKnownFileType = sourcecode.c.h; path = isend.h; sourceTree = "<group>"; };
		AE602FA01DF8EB26002225CB /* iso8601.h */ = {isa = PBXFileReference; fileEncoding = 4; lastKnownFileType = sourcecode.c.h; path = iso8601.h; sourceTree = "<group>"; };
		AE602FA11DF8EB26002225CB /* libmpdclient.a */ = {isa = PBXFileReference; lastKnownFileType = archive.ar; path = libmpdclient.a; sourceTree = "<group>"; };
		AE602FA21DF8EB26002225CB /* LICENSE */ = {isa = PBXFileReference; fileEncoding = 4; lastKnownFileType = text; path = LICENSE; sourceTree = "<group>"; };
		AE602FA31DF8EB26002225CB /* list.h */ = {isa = PBXFileReference; fileEncoding = 4; lastKnownFileType = sourcecode.c.h; path = list.h; sourceTree = "<group>"; };
		AE602FA41DF8EB26002225CB /* message.h */ = {isa = PBXFileReference; fileEncoding = 4; lastKnownFileType = sourcecode.c.h; path = message.h; sourceTree = "<group>"; };
		AE602FA51DF8EB26002225CB /* mixer.h */ = {isa = PBXFileReference; fileEncoding = 4; lastKnownFileType = sourcecode.c.h; path = mixer.h; sourceTree = "<group>"; };
		AE602FA61DF8EB26002225CB /* module.modulemap */ = {isa = PBXFileReference; fileEncoding = 4; lastKnownFileType = "sourcecode.module-map"; path = module.modulemap; sourceTree = "<group>"; };
		AE602FA71DF8EB26002225CB /* output.h */ = {isa = PBXFileReference; fileEncoding = 4; lastKnownFileType = sourcecode.c.h; path = output.h; sourceTree = "<group>"; };
		AE602FA81DF8EB26002225CB /* pair.h */ = {isa = PBXFileReference; fileEncoding = 4; lastKnownFileType = sourcecode.c.h; path = pair.h; sourceTree = "<group>"; };
		AE602FA91DF8EB26002225CB /* parser.h */ = {isa = PBXFileReference; fileEncoding = 4; lastKnownFileType = sourcecode.c.h; path = parser.h; sourceTree = "<group>"; };
		AE602FAA1DF8EB26002225CB /* password.h */ = {isa = PBXFileReference; fileEncoding = 4; lastKnownFileType = sourcecode.c.h; path = password.h; sourceTree = "<group>"; };
		AE602FAB1DF8EB26002225CB /* player.h */ = {isa = PBXFileReference; fileEncoding = 4; lastKnownFileType = sourcecode.c.h; path = player.h; sourceTree = "<group>"; };
		AE602FAC1DF8EB26002225CB /* playlist.h */ = {isa = PBXFileReference; fileEncoding = 4; lastKnownFileType = sourcecode.c.h; path = playlist.h; sourceTree = "<group>"; };
		AE602FAD1DF8EB26002225CB /* protocol.h */ = {isa = PBXFileReference; fileEncoding = 4; lastKnownFileType = sourcecode.c.h; path = protocol.h; sourceTree = "<group>"; };
		AE602FAE1DF8EB26002225CB /* queue.h */ = {isa = PBXFileReference; fileEncoding = 4; lastKnownFileType = sourcecode.c.h; path = queue.h; sourceTree = "<group>"; };
		AE602FAF1DF8EB26002225CB /* quote.h */ = {isa = PBXFileReference; fileEncoding = 4; lastKnownFileType = sourcecode.c.h; path = quote.h; sourceTree = "<group>"; };
		AE602FB01DF8EB26002225CB /* recv.h */ = {isa = PBXFileReference; fileEncoding = 4; lastKnownFileType = sourcecode.c.h; path = recv.h; sourceTree = "<group>"; };
		AE602FB11DF8EB26002225CB /* resolver.h */ = {isa = PBXFileReference; fileEncoding = 4; lastKnownFileType = sourcecode.c.h; path = resolver.h; sourceTree = "<group>"; };
		AE602FB21DF8EB26002225CB /* response.h */ = {isa = PBXFileReference; fileEncoding = 4; lastKnownFileType = sourcecode.c.h; path = response.h; sourceTree = "<group>"; };
		AE602FB31DF8EB26002225CB /* run.h */ = {isa = PBXFileReference; fileEncoding = 4; lastKnownFileType = sourcecode.c.h; path = run.h; sourceTree = "<group>"; };
		AE602FB41DF8EB26002225CB /* search.h */ = {isa = PBXFileReference; fileEncoding = 4; lastKnownFileType = sourcecode.c.h; path = search.h; sourceTree = "<group>"; };
		AE602FB51DF8EB26002225CB /* send.h */ = {isa = PBXFileReference; fileEncoding = 4; lastKnownFileType = sourcecode.c.h; path = send.h; sourceTree = "<group>"; };
		AE602FB61DF8EB26002225CB /* settings.h */ = {isa = PBXFileReference; fileEncoding = 4; lastKnownFileType = sourcecode.c.h; path = settings.h; sourceTree = "<group>"; };
		AE602FB71DF8EB26002225CB /* socket.h */ = {isa = PBXFileReference; fileEncoding = 4; lastKnownFileType = sourcecode.c.h; path = socket.h; sourceTree = "<group>"; };
		AE602FB81DF8EB26002225CB /* song.h */ = {isa = PBXFileReference; fileEncoding = 4; lastKnownFileType = sourcecode.c.h; path = song.h; sourceTree = "<group>"; };
		AE602FB91DF8EB26002225CB /* stats.h */ = {isa = PBXFileReference; fileEncoding = 4; lastKnownFileType = sourcecode.c.h; path = stats.h; sourceTree = "<group>"; };
		AE602FBA1DF8EB26002225CB /* status.h */ = {isa = PBXFileReference; fileEncoding = 4; lastKnownFileType = sourcecode.c.h; path = status.h; sourceTree = "<group>"; };
		AE602FBB1DF8EB26002225CB /* sticker.h */ = {isa = PBXFileReference; fileEncoding = 4; lastKnownFileType = sourcecode.c.h; path = sticker.h; sourceTree = "<group>"; };
		AE602FBC1DF8EB26002225CB /* sync.h */ = {isa = PBXFileReference; fileEncoding = 4; lastKnownFileType = sourcecode.c.h; path = sync.h; sourceTree = "<group>"; };
		AE602FBD1DF8EB26002225CB /* tag.h */ = {isa = PBXFileReference; fileEncoding = 4; lastKnownFileType = sourcecode.c.h; path = tag.h; sourceTree = "<group>"; };
		AE602FBE1DF8EB26002225CB /* uri.h */ = {isa = PBXFileReference; fileEncoding = 4; lastKnownFileType = sourcecode.c.h; path = uri.h; sourceTree = "<group>"; };
		AE602FBF1DF8EB26002225CB /* version.h */ = {isa = PBXFileReference; fileEncoding = 4; lastKnownFileType = sourcecode.c.h; path = version.h; sourceTree = "<group>"; };
		AE602FC41DF8EDB9002225CB /* MIMPD.swift */ = {isa = PBXFileReference; fileEncoding = 4; lastKnownFileType = sourcecode.swift; path = MIMPD.swift; sourceTree = "<group>"; };
		AE602FC71DF8F7D6002225CB /* AZLogger.swift */ = {isa = PBXFileReference; fileEncoding = 4; lastKnownFileType = sourcecode.swift; path = AZLogger.swift; sourceTree = "<group>"; };
		AE602FCC1DF90289002225CB /* AZMusicUtilities.swift */ = {isa = PBXFileReference; fileEncoding = 4; lastKnownFileType = sourcecode.swift; path = AZMusicUtilities.swift; sourceTree = "<group>"; };
		AE602FCF1DF906EC002225CB /* MIMPDStats.swift */ = {isa = PBXFileReference; fileEncoding = 4; lastKnownFileType = sourcecode.swift; path = MIMPDStats.swift; sourceTree = "<group>"; };
		AE602FD31DF90818002225CB /* AZMusicPlayer.swift */ = {isa = PBXFileReference; fileEncoding = 4; lastKnownFileType = sourcecode.swift; path = AZMusicPlayer.swift; sourceTree = "<group>"; };
		AE602FD41DF90818002225CB /* AZSong.swift */ = {isa = PBXFileReference; fileEncoding = 4; lastKnownFileType = sourcecode.swift; path = AZSong.swift; sourceTree = "<group>"; };
		AE602FD51DF90818002225CB /* AZPlayerStatus.swift */ = {isa = PBXFileReference; fileEncoding = 4; lastKnownFileType = sourcecode.swift; path = AZPlayerStatus.swift; sourceTree = "<group>"; };
		AE602FDB1DF90894002225CB /* AZEventSubscriber.swift */ = {isa = PBXFileReference; fileEncoding = 4; lastKnownFileType = sourcecode.swift; path = AZEventSubscriber.swift; sourceTree = "<group>"; };
		AE7CE0481E2AB6CB0052AE8E /* AZAlbumDetailsView.swift */ = {isa = PBXFileReference; fileEncoding = 4; lastKnownFileType = sourcecode.swift; path = AZAlbumDetailsView.swift; sourceTree = "<group>"; };
		AE7CE0491E2AB6CB0052AE8E /* AZAlbumDetailsView.xib */ = {isa = PBXFileReference; fileEncoding = 4; lastKnownFileType = file.xib; path = AZAlbumDetailsView.xib; sourceTree = "<group>"; };
		AE88619C1E245F6300EBB23E /* AZMusicPlayerViewController.swift */ = {isa = PBXFileReference; fileEncoding = 4; lastKnownFileType = sourcecode.swift; path = AZMusicPlayerViewController.swift; sourceTree = "<group>"; };
		AE8861A01E24706700EBB23E /* AZMusicPlayerToolbarView.swift */ = {isa = PBXFileReference; fileEncoding = 4; lastKnownFileType = sourcecode.swift; path = AZMusicPlayerToolbarView.swift; sourceTree = "<group>"; };
		AE8861A21E24707000EBB23E /* AZMusicPlayerToolbarView.xib */ = {isa = PBXFileReference; fileEncoding = 4; lastKnownFileType = file.xib; path = AZMusicPlayerToolbarView.xib; sourceTree = "<group>"; };
		AE89205F1E22BA0900287BC7 /* Realm.framework */ = {isa = PBXFileReference; lastKnownFileType = wrapper.framework; name = Realm.framework; path = "../../../../../../../Users/Ushio/Library/Developer/Xcode/DerivedData/Azusa-gwwlwviopzahorfmvlntlfdbtlxj/Build/Products/Debug/Realm/Realm.framework"; sourceTree = "<group>"; };
		AE8920611E22BA0C00287BC7 /* RealmSwift.framework */ = {isa = PBXFileReference; lastKnownFileType = wrapper.framework; name = RealmSwift.framework; path = "../../../../../../../Users/Ushio/Library/Developer/Xcode/DerivedData/Azusa-gwwlwviopzahorfmvlntlfdbtlxj/Build/Products/Debug/RealmSwift/RealmSwift.framework"; sourceTree = "<group>"; };
		AE98A43E1DFE23E80004F9CF /* MIMusicPlayer.swift */ = {isa = PBXFileReference; fileEncoding = 4; lastKnownFileType = sourcecode.swift; path = MIMusicPlayer.swift; sourceTree = "<group>"; };
		AE98A4401DFE85150004F9CF /* AZQueueViewController.swift */ = {isa = PBXFileReference; fileEncoding = 4; lastKnownFileType = sourcecode.swift; path = AZQueueViewController.swift; sourceTree = "<group>"; };
		AEAFBF031E25A86D0079596D /* AZMusicPlayerAlbumsCollectionViewItem.swift */ = {isa = PBXFileReference; fileEncoding = 4; lastKnownFileType = sourcecode.swift; path = AZMusicPlayerAlbumsCollectionViewItem.swift; sourceTree = "<group>"; };
		AEAFBF041E25A86D0079596D /* AZMusicPlayerAlbumsCollectionViewItem.xib */ = {isa = PBXFileReference; fileEncoding = 4; lastKnownFileType = file.xib; path = AZMusicPlayerAlbumsCollectionViewItem.xib; sourceTree = "<group>"; };
		AEAFBF071E25B1340079596D /* AZRoundDarkEdgedImageView.swift */ = {isa = PBXFileReference; fileEncoding = 4; lastKnownFileType = sourcecode.swift; path = AZRoundDarkEdgedImageView.swift; sourceTree = "<group>"; };
		AED309391DFF8C9F0053AA53 /* AZCoverDatabase.swift */ = {isa = PBXFileReference; fileEncoding = 4; lastKnownFileType = sourcecode.swift; path = AZCoverDatabase.swift; sourceTree = "<group>"; };
		AED38A1E1DFF513E00F410E3 /* AZProgressBarCell.swift */ = {isa = PBXFileReference; fileEncoding = 4; lastKnownFileType = sourcecode.swift; path = AZProgressBarCell.swift; sourceTree = "<group>"; };
		AED38A1F1DFF513E00F410E3 /* AZToolbarStatusView.swift */ = {isa = PBXFileReference; fileEncoding = 4; lastKnownFileType = sourcecode.swift; path = AZToolbarStatusView.swift; sourceTree = "<group>"; };
		AED38A221DFF518300F410E3 /* AZQueueTableCellView.swift */ = {isa = PBXFileReference; fileEncoding = 4; lastKnownFileType = sourcecode.swift; path = AZQueueTableCellView.swift; sourceTree = "<group>"; };
		AED38A241DFF6A4D00F410E3 /* AZQueueTableView.swift */ = {isa = PBXFileReference; fileEncoding = 4; lastKnownFileType = sourcecode.swift; path = AZQueueTableView.swift; sourceTree = "<group>"; };
		AEDC326B1DFA008C00538F24 /* AZArtist.swift */ = {isa = PBXFileReference; fileEncoding = 4; lastKnownFileType = sourcecode.swift; path = AZArtist.swift; sourceTree = "<group>"; };
		AEDC326D1DFA009700538F24 /* AZAlbum.swift */ = {isa = PBXFileReference; fileEncoding = 4; lastKnownFileType = sourcecode.swift; path = AZAlbum.swift; sourceTree = "<group>"; };
		AEDC32711DFA0E0F00538F24 /* AZGenre.swift */ = {isa = PBXFileReference; fileEncoding = 4; lastKnownFileType = sourcecode.swift; path = AZGenre.swift; sourceTree = "<group>"; };
		AEF6EE771E088F1F009990CB /* AZMusicPlayerSidebarViewController.swift */ = {isa = PBXFileReference; fileEncoding = 4; lastKnownFileType = sourcecode.swift; path = AZMusicPlayerSidebarViewController.swift; sourceTree = "<group>"; };
		AEF6EE7B1E0891EA009990CB /* AZMusicPlayerSidebarModel.swift */ = {isa = PBXFileReference; fileEncoding = 4; lastKnownFileType = sourcecode.swift; path = AZMusicPlayerSidebarModel.swift; sourceTree = "<group>"; };
		AEFC79701E0210F8006DE067 /* AZImageExtensions.swift */ = {isa = PBXFileReference; fileEncoding = 4; lastKnownFileType = sourcecode.swift; path = AZImageExtensions.swift; sourceTree = "<group>"; };
		C64ABF1DA741679B201AE7CD /* Pods-Azusa.debug.xcconfig */ = {isa = PBXFileReference; includeInIndex = 1; lastKnownFileType = text.xcconfig; name = "Pods-Azusa.debug.xcconfig"; path = "Pods/Target Support Files/Pods-Azusa/Pods-Azusa.debug.xcconfig"; sourceTree = "<group>"; };
		FE8E74CB10E92694EC1CA13F /* Pods_Azusa_AzusaTests.framework */ = {isa = PBXFileReference; explicitFileType = wrapper.framework; includeInIndex = 0; path = Pods_Azusa_AzusaTests.framework; sourceTree = BUILT_PRODUCTS_DIR; };
/* End PBXFileReference section */

/* Begin PBXFrameworksBuildPhase section */
		AE602EED1DF8E8E3002225CB /* Frameworks */ = {
			isa = PBXFrameworksBuildPhase;
			buildActionMask = 2147483647;
			files = (
				AE602FC01DF8EB26002225CB /* libmpdclient.a in Frameworks */,
				365584465681754B39AB2F76 /* Pods_Azusa.framework in Frameworks */,
			);
			runOnlyForDeploymentPostprocessing = 0;
		};
		AE602EFE1DF8E8E3002225CB /* Frameworks */ = {
			isa = PBXFrameworksBuildPhase;
			buildActionMask = 2147483647;
			files = (
				82F685E783B3F5C538261B18 /* Pods_AzusaTests.framework in Frameworks */,
				63B2E3C1852F3FAB435DB8D3 /* Pods_Azusa_AzusaTests.framework in Frameworks */,
			);
			runOnlyForDeploymentPostprocessing = 0;
		};
		AE602F091DF8E8E3002225CB /* Frameworks */ = {
			isa = PBXFrameworksBuildPhase;
			buildActionMask = 2147483647;
			files = (
				79300E65A5FC66D4D7B5756E /* Pods_AzusaUITests.framework in Frameworks */,
			);
			runOnlyForDeploymentPostprocessing = 0;
		};
/* End PBXFrameworksBuildPhase section */

/* Begin PBXGroup section */
		8CB3CB6A6551E44444744B99 /* Pods */ = {
			isa = PBXGroup;
			children = (
				C64ABF1DA741679B201AE7CD /* Pods-Azusa.debug.xcconfig */,
				5A106C4C9D9148717FAE70A8 /* Pods-Azusa.release.xcconfig */,
				11ACCD5CA55D2672DB574D6D /* Pods-AzusaTests.debug.xcconfig */,
				87FF1DE3125EAFEFE628D835 /* Pods-AzusaTests.release.xcconfig */,
				3265FB410C534305FE0B5C5C /* Pods-AzusaUITests.debug.xcconfig */,
				74963163B4BE4F7B4349A80E /* Pods-AzusaUITests.release.xcconfig */,
				A91C1207D0B3C8600F32B875 /* Pods-Azusa-AzusaTests.debug.xcconfig */,
				73B3D87199DA99DE2192B385 /* Pods-Azusa-AzusaTests.release.xcconfig */,
			);
			name = Pods;
			sourceTree = "<group>";
		};
		AE2AF77B1DFC9A4800580839 /* Views */ = {
			isa = PBXGroup;
			children = (
				AED38A1D1DFF513E00F410E3 /* Music Player */,
				AE2AF77C1DFC9A4F00580839 /* AZAspectFillImageView.swift */,
				AE1643C71E22D154001624BC /* AZVolumeSlider.swift */,
				AEAFBF071E25B1340079596D /* AZRoundDarkEdgedImageView.swift */,
				AE57370E1E2DAA8400B647AD /* AZPopupTriangleView.swift */,
			);
			path = Views;
			sourceTree = "<group>";
		};
		AE4C9B431E230CA600E2FD4C /* WAYWindow */ = {
			isa = PBXGroup;
			children = (
				AE4C9B441E230CA600E2FD4C /* WAYWindow.h */,
				AE4C9B451E230CA600E2FD4C /* WAYWindow.m */,
			);
			path = WAYWindow;
			sourceTree = "<group>";
		};
		AE602EE71DF8E8E3002225CB = {
			isa = PBXGroup;
			children = (
				AE602EF21DF8E8E3002225CB /* Azusa */,
				AE602F8C1DF8EB26002225CB /* External */,
				AE602F041DF8E8E3002225CB /* AzusaTests */,
				AE602F0F1DF8E8E3002225CB /* AzusaUITests */,
				AE602EF11DF8E8E3002225CB /* Products */,
				8CB3CB6A6551E44444744B99 /* Pods */,
				B4BD049CF57E20E8F681CDFF /* Frameworks */,
			);
			sourceTree = "<group>";
		};
		AE602EF11DF8E8E3002225CB /* Products */ = {
			isa = PBXGroup;
			children = (
				AE602EF01DF8E8E3002225CB /* Azusa.app */,
				AE602F011DF8E8E3002225CB /* AzusaTests.xctest */,
				AE602F0C1DF8E8E3002225CB /* AzusaUITests.xctest */,
			);
			name = Products;
			sourceTree = "<group>";
		};
		AE602EF21DF8E8E3002225CB /* Azusa */ = {
			isa = PBXGroup;
			children = (
				AE602EF31DF8E8E3002225CB /* AppDelegate.swift */,
				AE602FC91DF8F8A2002225CB /* Storyboards */,
				AEFCD06F1DFD40D900B51031 /* Controllers */,
				AE602FDA1DF90884002225CB /* Objects */,
				AE2AF77B1DFC9A4800580839 /* Views */,
				AE602FC61DF8F7D0002225CB /* Utilities */,
				AE602FD11DF907EF002225CB /* Protocols */,
				AE602FC21DF8EDAD002225CB /* Backends */,
				AEB904491E0C96120060E5AE /* Libraries */,
				AE602EF71DF8E8E3002225CB /* Assets.xcassets */,
				AE4C9B491E230D7100E2FD4C /* Bridging-Header.h */,
				AE602EFC1DF8E8E3002225CB /* Info.plist */,
			);
			path = Azusa;
			sourceTree = "<group>";
		};
		AE602F041DF8E8E3002225CB /* AzusaTests */ = {
			isa = PBXGroup;
			children = (
				AE602F051DF8E8E3002225CB /* AzusaTests.swift */,
				AE602F071DF8E8E3002225CB /* Info.plist */,
			);
			path = AzusaTests;
			sourceTree = "<group>";
		};
		AE602F0F1DF8E8E3002225CB /* AzusaUITests */ = {
			isa = PBXGroup;
			children = (
				AE602F101DF8E8E3002225CB /* AzusaUITests.swift */,
				AE602F121DF8E8E3002225CB /* Info.plist */,
			);
			path = AzusaUITests;
			sourceTree = "<group>";
		};
		AE602F8C1DF8EB26002225CB /* External */ = {
			isa = PBXGroup;
			children = (
				AE602F8D1DF8EB26002225CB /* libmpdclient */,
			);
			path = External;
			sourceTree = "<group>";
		};
		AE602F8D1DF8EB26002225CB /* libmpdclient */ = {
			isa = PBXGroup;
			children = (
				AE602F8E1DF8EB26002225CB /* async.h */,
				AE602F8F1DF8EB26002225CB /* audio_format.h */,
				AE602F901DF8EB26002225CB /* buffer.h */,
				AE602F911DF8EB26002225CB /* capabilities.h */,
				AE602F921DF8EB26002225CB /* client.h */,
				AE602F931DF8EB26002225CB /* compiler.h */,
				AE602F941DF8EB26002225CB /* config.h */,
				AE602F951DF8EB26002225CB /* connection.h */,
				AE602F961DF8EB26002225CB /* database.h */,
				AE602F971DF8EB26002225CB /* directory.h */,
				AE602F981DF8EB26002225CB /* entity.h */,
				AE602F991DF8EB26002225CB /* error.h */,
				AE602F9A1DF8EB26002225CB /* fd_util.h */,
				AE602F9B1DF8EB26002225CB /* iasync.h */,
				AE602F9C1DF8EB26002225CB /* idle.h */,
				AE602F9D1DF8EB26002225CB /* ierror.h */,
				AE602F9E1DF8EB26002225CB /* internal.h */,
				AE602F9F1DF8EB26002225CB /* isend.h */,
				AE602FA01DF8EB26002225CB /* iso8601.h */,
				AE602FA11DF8EB26002225CB /* libmpdclient.a */,
				AE602FA21DF8EB26002225CB /* LICENSE */,
				AE602FA31DF8EB26002225CB /* list.h */,
				AE602FA41DF8EB26002225CB /* message.h */,
				AE602FA51DF8EB26002225CB /* mixer.h */,
				AE602FA61DF8EB26002225CB /* module.modulemap */,
				AE602FA71DF8EB26002225CB /* output.h */,
				AE602FA81DF8EB26002225CB /* pair.h */,
				AE602FA91DF8EB26002225CB /* parser.h */,
				AE602FAA1DF8EB26002225CB /* password.h */,
				AE602FAB1DF8EB26002225CB /* player.h */,
				AE602FAC1DF8EB26002225CB /* playlist.h */,
				AE602FAD1DF8EB26002225CB /* protocol.h */,
				AE602FAE1DF8EB26002225CB /* queue.h */,
				AE602FAF1DF8EB26002225CB /* quote.h */,
				AE602FB01DF8EB26002225CB /* recv.h */,
				AE602FB11DF8EB26002225CB /* resolver.h */,
				AE602FB21DF8EB26002225CB /* response.h */,
				AE602FB31DF8EB26002225CB /* run.h */,
				AE602FB41DF8EB26002225CB /* search.h */,
				AE602FB51DF8EB26002225CB /* send.h */,
				AE602FB61DF8EB26002225CB /* settings.h */,
				AE602FB71DF8EB26002225CB /* socket.h */,
				AE602FB81DF8EB26002225CB /* song.h */,
				AE602FB91DF8EB26002225CB /* stats.h */,
				AE602FBA1DF8EB26002225CB /* status.h */,
				AE602FBB1DF8EB26002225CB /* sticker.h */,
				AE602FBC1DF8EB26002225CB /* sync.h */,
				AE602FBD1DF8EB26002225CB /* tag.h */,
				AE602FBE1DF8EB26002225CB /* uri.h */,
				AE602FBF1DF8EB26002225CB /* version.h */,
			);
			path = libmpdclient;
			sourceTree = "<group>";
		};
		AE602FC21DF8EDAD002225CB /* Backends */ = {
			isa = PBXGroup;
			children = (
				AE602FC31DF8EDAD002225CB /* Mio */,
			);
			path = Backends;
			sourceTree = "<group>";
		};
		AE602FC31DF8EDAD002225CB /* Mio */ = {
			isa = PBXGroup;
			children = (
				AE98A43E1DFE23E80004F9CF /* MIMusicPlayer.swift */,
				AE602FC41DF8EDB9002225CB /* MIMPD.swift */,
				AE602FCE1DF906DB002225CB /* Objects */,
			);
			path = Mio;
			sourceTree = "<group>";
		};
		AE602FC61DF8F7D0002225CB /* Utilities */ = {
			isa = PBXGroup;
			children = (
				AEFC796F1E0210E6006DE067 /* Extensions */,
				AE602FC71DF8F7D6002225CB /* AZLogger.swift */,
				AE602FCC1DF90289002225CB /* AZMusicUtilities.swift */,
			);
			path = Utilities;
			sourceTree = "<group>";
		};
		AE602FC91DF8F8A2002225CB /* Storyboards */ = {
			isa = PBXGroup;
			children = (
				AE602EF91DF8E8E3002225CB /* Main.storyboard */,
			);
			name = Storyboards;
			sourceTree = "<group>";
		};
		AE602FCE1DF906DB002225CB /* Objects */ = {
			isa = PBXGroup;
			children = (
				AE602FCF1DF906EC002225CB /* MIMPDStats.swift */,
				AE5A63361DF9135D002301F6 /* MIMPDPlayerStatus.swift */,
				AE5A63381DF91408002301F6 /* MISong.swift */,
			);
			path = Objects;
			sourceTree = "<group>";
		};
		AE602FD11DF907EF002225CB /* Protocols */ = {
			isa = PBXGroup;
			children = (
				AE602FD31DF90818002225CB /* AZMusicPlayer.swift */,
				AE602FD41DF90818002225CB /* AZSong.swift */,
				AE602FD51DF90818002225CB /* AZPlayerStatus.swift */,
			);
			path = Protocols;
			sourceTree = "<group>";
		};
		AE602FDA1DF90884002225CB /* Objects */ = {
			isa = PBXGroup;
			children = (
				AE602FDB1DF90894002225CB /* AZEventSubscriber.swift */,
				AEDC326A1DFA007E00538F24 /* Music */,
				AEF6EE7A1E0891D4009990CB /* Music Player */,
			);
			path = Objects;
			sourceTree = "<group>";
		};
		AE88619F1E24703800EBB23E /* Toolbar */ = {
			isa = PBXGroup;
			children = (
				AE8861A01E24706700EBB23E /* AZMusicPlayerToolbarView.swift */,
				AE8861A21E24707000EBB23E /* AZMusicPlayerToolbarView.xib */,
			);
			path = Toolbar;
			sourceTree = "<group>";
		};
		AEAFBF021E25A8550079596D /* Content View */ = {
			isa = PBXGroup;
			children = (
				AEAFBF031E25A86D0079596D /* AZMusicPlayerAlbumsCollectionViewItem.swift */,
				AEAFBF041E25A86D0079596D /* AZMusicPlayerAlbumsCollectionViewItem.xib */,
				AE7CE0481E2AB6CB0052AE8E /* AZAlbumDetailsView.swift */,
				AE7CE0491E2AB6CB0052AE8E /* AZAlbumDetailsView.xib */,
			);
			path = "Content View";
			sourceTree = "<group>";
		};
		AEB904491E0C96120060E5AE /* Libraries */ = {
			isa = PBXGroup;
			children = (
				AE4C9B431E230CA600E2FD4C /* WAYWindow */,
			);
			path = Libraries;
			sourceTree = "<group>";
		};
		AED38A1D1DFF513E00F410E3 /* Music Player */ = {
			isa = PBXGroup;
			children = (
				AEAFBF021E25A8550079596D /* Content View */,
				AE88619F1E24703800EBB23E /* Toolbar */,
				AED38A1E1DFF513E00F410E3 /* AZProgressBarCell.swift */,
				AED38A1F1DFF513E00F410E3 /* AZToolbarStatusView.swift */,
				AED38A221DFF518300F410E3 /* AZQueueTableCellView.swift */,
				AED38A241DFF6A4D00F410E3 /* AZQueueTableView.swift */,
			);
			path = "Music Player";
			sourceTree = "<group>";
		};
		AEDC326A1DFA007E00538F24 /* Music */ = {
			isa = PBXGroup;
			children = (
				AEDC326B1DFA008C00538F24 /* AZArtist.swift */,
				AEDC326D1DFA009700538F24 /* AZAlbum.swift */,
				AEDC32711DFA0E0F00538F24 /* AZGenre.swift */,
				AED309391DFF8C9F0053AA53 /* AZCoverDatabase.swift */,
			);
			path = Music;
			sourceTree = "<group>";
		};
		AEF6EE7A1E0891D4009990CB /* Music Player */ = {
			isa = PBXGroup;
			children = (
				AEF6EE7B1E0891EA009990CB /* AZMusicPlayerSidebarModel.swift */,
				AE0A5ADF1E2F067700165708 /* AZExpandableCollectionViewLayout.swift */,
			);
			path = "Music Player";
			sourceTree = "<group>";
		};
		AEFC796F1E0210E6006DE067 /* Extensions */ = {
			isa = PBXGroup;
			children = (
				AEFC79701E0210F8006DE067 /* AZImageExtensions.swift */,
			);
			path = Extensions;
			sourceTree = "<group>";
		};
		AEFCD06F1DFD40D900B51031 /* Controllers */ = {
			isa = PBXGroup;
			children = (
				AEFCD0711DFD40D900B51031 /* Music Player */,
			);
			path = Controllers;
			sourceTree = "<group>";
		};
		AEFCD0711DFD40D900B51031 /* Music Player */ = {
			isa = PBXGroup;
			children = (
				AE88619C1E245F6300EBB23E /* AZMusicPlayerViewController.swift */,
				AE98A4401DFE85150004F9CF /* AZQueueViewController.swift */,
				AEF6EE771E088F1F009990CB /* AZMusicPlayerSidebarViewController.swift */,
				AE45A5B21E2BDF550029A24C /* AZMusicPlayerContentViewController.swift */,
			);
			path = "Music Player";
			sourceTree = "<group>";
		};
		B4BD049CF57E20E8F681CDFF /* Frameworks */ = {
			isa = PBXGroup;
			children = (
				AE8920611E22BA0C00287BC7 /* RealmSwift.framework */,
				AE89205F1E22BA0900287BC7 /* Realm.framework */,
				A7D7D6908FF45860FCE40E70 /* Pods_Azusa.framework */,
				9D54715146391BE5584F2FBD /* Pods_AzusaTests.framework */,
				87980E1FE99B4E409C9A68D3 /* Pods_AzusaUITests.framework */,
				FE8E74CB10E92694EC1CA13F /* Pods_Azusa_AzusaTests.framework */,
			);
			name = Frameworks;
			sourceTree = "<group>";
		};
/* End PBXGroup section */

/* Begin PBXNativeTarget section */
		AE602EEF1DF8E8E3002225CB /* Azusa */ = {
			isa = PBXNativeTarget;
			buildConfigurationList = AE602F151DF8E8E3002225CB /* Build configuration list for PBXNativeTarget "Azusa" */;
			buildPhases = (
				0F1D8D8E2CC055CA503D8D61 /* [CP] Check Pods Manifest.lock */,
				AE602EEC1DF8E8E3002225CB /* Sources */,
				AE602EED1DF8E8E3002225CB /* Frameworks */,
				AE602EEE1DF8E8E3002225CB /* Resources */,
				FC7A8DBD507D46083F3DF887 /* [CP] Embed Pods Frameworks */,
				1640B2279E8960D2DC11F349 /* [CP] Copy Pods Resources */,
			);
			buildRules = (
			);
			dependencies = (
			);
			name = Azusa;
			productName = Azusa;
			productReference = AE602EF01DF8E8E3002225CB /* Azusa.app */;
			productType = "com.apple.product-type.application";
		};
		AE602F001DF8E8E3002225CB /* AzusaTests */ = {
			isa = PBXNativeTarget;
			buildConfigurationList = AE602F181DF8E8E3002225CB /* Build configuration list for PBXNativeTarget "AzusaTests" */;
			buildPhases = (
				034907C64D4C473F86BF55D0 /* [CP] Check Pods Manifest.lock */,
				AE602EFD1DF8E8E3002225CB /* Sources */,
				AE602EFE1DF8E8E3002225CB /* Frameworks */,
				AE602EFF1DF8E8E3002225CB /* Resources */,
				22E5C584E61DC4F57A20EC62 /* [CP] Embed Pods Frameworks */,
				B7861A2E4346C750B442E43E /* [CP] Copy Pods Resources */,
			);
			buildRules = (
			);
			dependencies = (
				AE602F031DF8E8E3002225CB /* PBXTargetDependency */,
			);
			name = AzusaTests;
			productName = AzusaTests;
			productReference = AE602F011DF8E8E3002225CB /* AzusaTests.xctest */;
			productType = "com.apple.product-type.bundle.unit-test";
		};
		AE602F0B1DF8E8E3002225CB /* AzusaUITests */ = {
			isa = PBXNativeTarget;
			buildConfigurationList = AE602F1B1DF8E8E3002225CB /* Build configuration list for PBXNativeTarget "AzusaUITests" */;
			buildPhases = (
				20F22844BD51D73DAAF0D83B /* [CP] Check Pods Manifest.lock */,
				AE602F081DF8E8E3002225CB /* Sources */,
				AE602F091DF8E8E3002225CB /* Frameworks */,
				AE602F0A1DF8E8E3002225CB /* Resources */,
				634A8A1DD140FADB9A199233 /* [CP] Embed Pods Frameworks */,
				32AB391807305677E5D9AE7F /* [CP] Copy Pods Resources */,
			);
			buildRules = (
			);
			dependencies = (
				AE602F0E1DF8E8E3002225CB /* PBXTargetDependency */,
			);
			name = AzusaUITests;
			productName = AzusaUITests;
			productReference = AE602F0C1DF8E8E3002225CB /* AzusaUITests.xctest */;
			productType = "com.apple.product-type.bundle.ui-testing";
		};
/* End PBXNativeTarget section */

/* Begin PBXProject section */
		AE602EE81DF8E8E3002225CB /* Project object */ = {
			isa = PBXProject;
			attributes = {
				LastSwiftUpdateCheck = 0810;
				LastUpgradeCheck = 0820;
				ORGANIZATIONNAME = DrabWeb;
				TargetAttributes = {
					AE602EEF1DF8E8E3002225CB = {
						CreatedOnToolsVersion = 8.1;
						ProvisioningStyle = Automatic;
					};
					AE602F001DF8E8E3002225CB = {
						CreatedOnToolsVersion = 8.1;
						ProvisioningStyle = Automatic;
						TestTargetID = AE602EEF1DF8E8E3002225CB;
					};
					AE602F0B1DF8E8E3002225CB = {
						CreatedOnToolsVersion = 8.1;
						ProvisioningStyle = Automatic;
						TestTargetID = AE602EEF1DF8E8E3002225CB;
					};
				};
			};
			buildConfigurationList = AE602EEB1DF8E8E3002225CB /* Build configuration list for PBXProject "Azusa" */;
			compatibilityVersion = "Xcode 3.2";
			developmentRegion = English;
			hasScannedForEncodings = 0;
			knownRegions = (
				en,
				Base,
			);
			mainGroup = AE602EE71DF8E8E3002225CB;
			productRefGroup = AE602EF11DF8E8E3002225CB /* Products */;
			projectDirPath = "";
			projectRoot = "";
			targets = (
				AE602EEF1DF8E8E3002225CB /* Azusa */,
				AE602F001DF8E8E3002225CB /* AzusaTests */,
				AE602F0B1DF8E8E3002225CB /* AzusaUITests */,
			);
		};
/* End PBXProject section */

/* Begin PBXResourcesBuildPhase section */
		AE602EEE1DF8E8E3002225CB /* Resources */ = {
			isa = PBXResourcesBuildPhase;
			buildActionMask = 2147483647;
			files = (
				AE8861A31E24707000EBB23E /* AZMusicPlayerToolbarView.xib in Resources */,
				AE602FC11DF8EB26002225CB /* LICENSE in Resources */,
				AEAFBF061E25A86D0079596D /* AZMusicPlayerAlbumsCollectionViewItem.xib in Resources */,
				AE602EF81DF8E8E3002225CB /* Assets.xcassets in Resources */,
				AE7CE04B1E2AB6CB0052AE8E /* AZAlbumDetailsView.xib in Resources */,
				AE602EFB1DF8E8E3002225CB /* Main.storyboard in Resources */,
			);
			runOnlyForDeploymentPostprocessing = 0;
		};
		AE602EFF1DF8E8E3002225CB /* Resources */ = {
			isa = PBXResourcesBuildPhase;
			buildActionMask = 2147483647;
			files = (
			);
			runOnlyForDeploymentPostprocessing = 0;
		};
		AE602F0A1DF8E8E3002225CB /* Resources */ = {
			isa = PBXResourcesBuildPhase;
			buildActionMask = 2147483647;
			files = (
			);
			runOnlyForDeploymentPostprocessing = 0;
		};
/* End PBXResourcesBuildPhase section */

/* Begin PBXShellScriptBuildPhase section */
		034907C64D4C473F86BF55D0 /* [CP] Check Pods Manifest.lock */ = {
			isa = PBXShellScriptBuildPhase;
			buildActionMask = 2147483647;
			files = (
			);
			inputPaths = (
			);
			name = "[CP] Check Pods Manifest.lock";
			outputPaths = (
			);
			runOnlyForDeploymentPostprocessing = 0;
			shellPath = /bin/sh;
			shellScript = "diff \"${PODS_ROOT}/../Podfile.lock\" \"${PODS_ROOT}/Manifest.lock\" > /dev/null\nif [ $? != 0 ] ; then\n    # print error to STDERR\n    echo \"error: The sandbox is not in sync with the Podfile.lock. Run 'pod install' or update your CocoaPods installation.\" >&2\n    exit 1\nfi\n";
			showEnvVarsInLog = 0;
		};
		0F1D8D8E2CC055CA503D8D61 /* [CP] Check Pods Manifest.lock */ = {
			isa = PBXShellScriptBuildPhase;
			buildActionMask = 2147483647;
			files = (
			);
			inputPaths = (
			);
			name = "[CP] Check Pods Manifest.lock";
			outputPaths = (
			);
			runOnlyForDeploymentPostprocessing = 0;
			shellPath = /bin/sh;
			shellScript = "diff \"${PODS_ROOT}/../Podfile.lock\" \"${PODS_ROOT}/Manifest.lock\" > /dev/null\nif [ $? != 0 ] ; then\n    # print error to STDERR\n    echo \"error: The sandbox is not in sync with the Podfile.lock. Run 'pod install' or update your CocoaPods installation.\" >&2\n    exit 1\nfi\n";
			showEnvVarsInLog = 0;
		};
		1640B2279E8960D2DC11F349 /* [CP] Copy Pods Resources */ = {
			isa = PBXShellScriptBuildPhase;
			buildActionMask = 2147483647;
			files = (
			);
			inputPaths = (
			);
			name = "[CP] Copy Pods Resources";
			outputPaths = (
			);
			runOnlyForDeploymentPostprocessing = 0;
			shellPath = /bin/sh;
			shellScript = "\"${SRCROOT}/Pods/Target Support Files/Pods-Azusa/Pods-Azusa-resources.sh\"\n";
			showEnvVarsInLog = 0;
		};
		20F22844BD51D73DAAF0D83B /* [CP] Check Pods Manifest.lock */ = {
			isa = PBXShellScriptBuildPhase;
			buildActionMask = 2147483647;
			files = (
			);
			inputPaths = (
			);
			name = "[CP] Check Pods Manifest.lock";
			outputPaths = (
			);
			runOnlyForDeploymentPostprocessing = 0;
			shellPath = /bin/sh;
			shellScript = "diff \"${PODS_ROOT}/../Podfile.lock\" \"${PODS_ROOT}/Manifest.lock\" > /dev/null\nif [ $? != 0 ] ; then\n    # print error to STDERR\n    echo \"error: The sandbox is not in sync with the Podfile.lock. Run 'pod install' or update your CocoaPods installation.\" >&2\n    exit 1\nfi\n";
			showEnvVarsInLog = 0;
		};
		22E5C584E61DC4F57A20EC62 /* [CP] Embed Pods Frameworks */ = {
			isa = PBXShellScriptBuildPhase;
			buildActionMask = 2147483647;
			files = (
			);
			inputPaths = (
			);
			name = "[CP] Embed Pods Frameworks";
			outputPaths = (
			);
			runOnlyForDeploymentPostprocessing = 0;
			shellPath = /bin/sh;
			shellScript = "\"${SRCROOT}/Pods/Target Support Files/Pods-AzusaTests/Pods-AzusaTests-frameworks.sh\"\n";
			showEnvVarsInLog = 0;
		};
		32AB391807305677E5D9AE7F /* [CP] Copy Pods Resources */ = {
			isa = PBXShellScriptBuildPhase;
			buildActionMask = 2147483647;
			files = (
			);
			inputPaths = (
			);
			name = "[CP] Copy Pods Resources";
			outputPaths = (
			);
			runOnlyForDeploymentPostprocessing = 0;
			shellPath = /bin/sh;
			shellScript = "\"${SRCROOT}/Pods/Target Support Files/Pods-AzusaUITests/Pods-AzusaUITests-resources.sh\"\n";
			showEnvVarsInLog = 0;
		};
		634A8A1DD140FADB9A199233 /* [CP] Embed Pods Frameworks */ = {
			isa = PBXShellScriptBuildPhase;
			buildActionMask = 2147483647;
			files = (
			);
			inputPaths = (
			);
			name = "[CP] Embed Pods Frameworks";
			outputPaths = (
			);
			runOnlyForDeploymentPostprocessing = 0;
			shellPath = /bin/sh;
			shellScript = "\"${SRCROOT}/Pods/Target Support Files/Pods-AzusaUITests/Pods-AzusaUITests-frameworks.sh\"\n";
			showEnvVarsInLog = 0;
		};
		B7861A2E4346C750B442E43E /* [CP] Copy Pods Resources */ = {
			isa = PBXShellScriptBuildPhase;
			buildActionMask = 2147483647;
			files = (
			);
			inputPaths = (
			);
			name = "[CP] Copy Pods Resources";
			outputPaths = (
			);
			runOnlyForDeploymentPostprocessing = 0;
			shellPath = /bin/sh;
			shellScript = "\"${SRCROOT}/Pods/Target Support Files/Pods-AzusaTests/Pods-AzusaTests-resources.sh\"\n";
			showEnvVarsInLog = 0;
		};
		FC7A8DBD507D46083F3DF887 /* [CP] Embed Pods Frameworks */ = {
			isa = PBXShellScriptBuildPhase;
			buildActionMask = 2147483647;
			files = (
			);
			inputPaths = (
			);
			name = "[CP] Embed Pods Frameworks";
			outputPaths = (
			);
			runOnlyForDeploymentPostprocessing = 0;
			shellPath = /bin/sh;
			shellScript = "\"${SRCROOT}/Pods/Target Support Files/Pods-Azusa/Pods-Azusa-frameworks.sh\"\n";
			showEnvVarsInLog = 0;
		};
/* End PBXShellScriptBuildPhase section */

/* Begin PBXSourcesBuildPhase section */
		AE602EEC1DF8E8E3002225CB /* Sources */ = {
			isa = PBXSourcesBuildPhase;
			buildActionMask = 2147483647;
			files = (
				AE602FD91DF90818002225CB /* AZPlayerStatus.swift in Sources */,
				AEAFBF051E25A86D0079596D /* AZMusicPlayerAlbumsCollectionViewItem.swift in Sources */,
				AED38A211DFF513E00F410E3 /* AZToolbarStatusView.swift in Sources */,
				AE602FDC1DF90894002225CB /* AZEventSubscriber.swift in Sources */,
				AE602FCD1DF90289002225CB /* AZMusicUtilities.swift in Sources */,
				AE602FC81DF8F7D6002225CB /* AZLogger.swift in Sources */,
				AE5A63391DF91408002301F6 /* MISong.swift in Sources */,
				AE5A63371DF9135D002301F6 /* MIMPDPlayerStatus.swift in Sources */,
				AEF6EE7C1E0891EA009990CB /* AZMusicPlayerSidebarModel.swift in Sources */,
				AE2AF77D1DFC9A4F00580839 /* AZAspectFillImageView.swift in Sources */,
				AE98A4411DFE85150004F9CF /* AZQueueViewController.swift in Sources */,
				AE8861A11E24706700EBB23E /* AZMusicPlayerToolbarView.swift in Sources */,
				AE57370F1E2DAA8400B647AD /* AZPopupTriangleView.swift in Sources */,
				AE602FD01DF906EC002225CB /* MIMPDStats.swift in Sources */,
				AEDC326E1DFA009700538F24 /* AZAlbum.swift in Sources */,
				AE88619D1E245F6300EBB23E /* AZMusicPlayerViewController.swift in Sources */,
				AE602EF41DF8E8E3002225CB /* AppDelegate.swift in Sources */,
				AE602FC51DF8EDB9002225CB /* MIMPD.swift in Sources */,
				AE4C9B461E230CA600E2FD4C /* WAYWindow.m in Sources */,
				AE98A43F1DFE23E80004F9CF /* MIMusicPlayer.swift in Sources */,
				AEAFBF081E25B1340079596D /* AZRoundDarkEdgedImageView.swift in Sources */,
				AE602FD81DF90818002225CB /* AZSong.swift in Sources */,
				AEFC79711E0210F8006DE067 /* AZImageExtensions.swift in Sources */,
				AED38A231DFF518300F410E3 /* AZQueueTableCellView.swift in Sources */,
				AED38A201DFF513E00F410E3 /* AZProgressBarCell.swift in Sources */,
				AEDC326C1DFA008C00538F24 /* AZArtist.swift in Sources */,
				AE602FD71DF90818002225CB /* AZMusicPlayer.swift in Sources */,
				AED3093A1DFF8C9F0053AA53 /* AZCoverDatabase.swift in Sources */,
				AE45A5B31E2BDF550029A24C /* AZMusicPlayerContentViewController.swift in Sources */,
				AE1643C81E22D154001624BC /* AZVolumeSlider.swift in Sources */,
				AE7CE04A1E2AB6CB0052AE8E /* AZAlbumDetailsView.swift in Sources */,
				AED38A251DFF6A4E00F410E3 /* AZQueueTableView.swift in Sources */,
				AE0A5AE01E2F067700165708 /* AZExpandableCollectionViewLayout.swift in Sources */,
				AEF6EE781E088F1F009990CB /* AZMusicPlayerSidebarViewController.swift in Sources */,
				AEDC32721DFA0E0F00538F24 /* AZGenre.swift in Sources */,
			);
			runOnlyForDeploymentPostprocessing = 0;
		};
		AE602EFD1DF8E8E3002225CB /* Sources */ = {
			isa = PBXSourcesBuildPhase;
			buildActionMask = 2147483647;
			files = (
				AE602F061DF8E8E3002225CB /* AzusaTests.swift in Sources */,
			);
			runOnlyForDeploymentPostprocessing = 0;
		};
		AE602F081DF8E8E3002225CB /* Sources */ = {
			isa = PBXSourcesBuildPhase;
			buildActionMask = 2147483647;
			files = (
				AE602F111DF8E8E3002225CB /* AzusaUITests.swift in Sources */,
			);
			runOnlyForDeploymentPostprocessing = 0;
		};
/* End PBXSourcesBuildPhase section */

/* Begin PBXTargetDependency section */
		AE602F031DF8E8E3002225CB /* PBXTargetDependency */ = {
			isa = PBXTargetDependency;
			target = AE602EEF1DF8E8E3002225CB /* Azusa */;
			targetProxy = AE602F021DF8E8E3002225CB /* PBXContainerItemProxy */;
		};
		AE602F0E1DF8E8E3002225CB /* PBXTargetDependency */ = {
			isa = PBXTargetDependency;
			target = AE602EEF1DF8E8E3002225CB /* Azusa */;
			targetProxy = AE602F0D1DF8E8E3002225CB /* PBXContainerItemProxy */;
		};
/* End PBXTargetDependency section */

/* Begin PBXVariantGroup section */
		AE602EF91DF8E8E3002225CB /* Main.storyboard */ = {
			isa = PBXVariantGroup;
			children = (
				AE602EFA1DF8E8E3002225CB /* Base */,
			);
			name = Main.storyboard;
			sourceTree = "<group>";
		};
/* End PBXVariantGroup section */

/* Begin XCBuildConfiguration section */
		AE602F131DF8E8E3002225CB /* Debug */ = {
			isa = XCBuildConfiguration;
			buildSettings = {
				ALWAYS_SEARCH_USER_PATHS = NO;
				CLANG_ANALYZER_NONNULL = YES;
				CLANG_CXX_LANGUAGE_STANDARD = "gnu++0x";
				CLANG_CXX_LIBRARY = "libc++";
				CLANG_ENABLE_MODULES = YES;
				CLANG_ENABLE_OBJC_ARC = YES;
				CLANG_WARN_BOOL_CONVERSION = YES;
				CLANG_WARN_CONSTANT_CONVERSION = YES;
				CLANG_WARN_DIRECT_OBJC_ISA_USAGE = YES_ERROR;
				CLANG_WARN_DOCUMENTATION_COMMENTS = YES;
				CLANG_WARN_EMPTY_BODY = YES;
				CLANG_WARN_ENUM_CONVERSION = YES;
				CLANG_WARN_INFINITE_RECURSION = YES;
				CLANG_WARN_INT_CONVERSION = YES;
				CLANG_WARN_OBJC_ROOT_CLASS = YES_ERROR;
				CLANG_WARN_SUSPICIOUS_MOVE = YES;
				CLANG_WARN_SUSPICIOUS_MOVES = YES;
				CLANG_WARN_UNREACHABLE_CODE = YES;
				CLANG_WARN__DUPLICATE_METHOD_MATCH = YES;
				CODE_SIGN_IDENTITY = "-";
				COPY_PHASE_STRIP = NO;
				DEBUG_INFORMATION_FORMAT = dwarf;
				ENABLE_STRICT_OBJC_MSGSEND = YES;
				ENABLE_TESTABILITY = YES;
				GCC_C_LANGUAGE_STANDARD = gnu99;
				GCC_DYNAMIC_NO_PIC = NO;
				GCC_NO_COMMON_BLOCKS = YES;
				GCC_OPTIMIZATION_LEVEL = 0;
				GCC_PREPROCESSOR_DEFINITIONS = (
					"DEBUG=1",
					"$(inherited)",
				);
				GCC_WARN_64_TO_32_BIT_CONVERSION = YES;
				GCC_WARN_ABOUT_RETURN_TYPE = YES_ERROR;
				GCC_WARN_UNDECLARED_SELECTOR = YES;
				GCC_WARN_UNINITIALIZED_AUTOS = YES_AGGRESSIVE;
				GCC_WARN_UNUSED_FUNCTION = YES;
				GCC_WARN_UNUSED_VARIABLE = YES;
				MACOSX_DEPLOYMENT_TARGET = 10.12;
				MTL_ENABLE_DEBUG_INFO = YES;
				ONLY_ACTIVE_ARCH = YES;
				SDKROOT = macosx;
				SWIFT_ACTIVE_COMPILATION_CONDITIONS = DEBUG;
				SWIFT_OPTIMIZATION_LEVEL = "-Onone";
			};
			name = Debug;
		};
		AE602F141DF8E8E3002225CB /* Release */ = {
			isa = XCBuildConfiguration;
			buildSettings = {
				ALWAYS_SEARCH_USER_PATHS = NO;
				CLANG_ANALYZER_NONNULL = YES;
				CLANG_CXX_LANGUAGE_STANDARD = "gnu++0x";
				CLANG_CXX_LIBRARY = "libc++";
				CLANG_ENABLE_MODULES = YES;
				CLANG_ENABLE_OBJC_ARC = YES;
				CLANG_WARN_BOOL_CONVERSION = YES;
				CLANG_WARN_CONSTANT_CONVERSION = YES;
				CLANG_WARN_DIRECT_OBJC_ISA_USAGE = YES_ERROR;
				CLANG_WARN_DOCUMENTATION_COMMENTS = YES;
				CLANG_WARN_EMPTY_BODY = YES;
				CLANG_WARN_ENUM_CONVERSION = YES;
				CLANG_WARN_INFINITE_RECURSION = YES;
				CLANG_WARN_INT_CONVERSION = YES;
				CLANG_WARN_OBJC_ROOT_CLASS = YES_ERROR;
				CLANG_WARN_SUSPICIOUS_MOVE = YES;
				CLANG_WARN_SUSPICIOUS_MOVES = YES;
				CLANG_WARN_UNREACHABLE_CODE = YES;
				CLANG_WARN__DUPLICATE_METHOD_MATCH = YES;
				CODE_SIGN_IDENTITY = "-";
				COPY_PHASE_STRIP = NO;
				DEBUG_INFORMATION_FORMAT = "dwarf-with-dsym";
				ENABLE_NS_ASSERTIONS = NO;
				ENABLE_STRICT_OBJC_MSGSEND = YES;
				GCC_C_LANGUAGE_STANDARD = gnu99;
				GCC_NO_COMMON_BLOCKS = YES;
				GCC_WARN_64_TO_32_BIT_CONVERSION = YES;
				GCC_WARN_ABOUT_RETURN_TYPE = YES_ERROR;
				GCC_WARN_UNDECLARED_SELECTOR = YES;
				GCC_WARN_UNINITIALIZED_AUTOS = YES_AGGRESSIVE;
				GCC_WARN_UNUSED_FUNCTION = YES;
				GCC_WARN_UNUSED_VARIABLE = YES;
				MACOSX_DEPLOYMENT_TARGET = 10.12;
				MTL_ENABLE_DEBUG_INFO = NO;
				SDKROOT = macosx;
				SWIFT_OPTIMIZATION_LEVEL = "-Owholemodule";
			};
			name = Release;
		};
		AE602F161DF8E8E3002225CB /* Debug */ = {
			isa = XCBuildConfiguration;
			baseConfigurationReference = C64ABF1DA741679B201AE7CD /* Pods-Azusa.debug.xcconfig */;
			buildSettings = {
				ALWAYS_EMBED_SWIFT_STANDARD_LIBRARIES = "$(inherited)";
				ASSETCATALOG_COMPILER_APPICON_NAME = AppIcon;
				COMBINE_HIDPI_IMAGES = YES;
				INFOPLIST_FILE = Azusa/Info.plist;
				LD_RUNPATH_SEARCH_PATHS = "$(inherited) @executable_path/../Frameworks";
				LIBRARY_SEARCH_PATHS = (
					"$(inherited)",
					"$(PROJECT_DIR)/External/libmpdclient",
				);
				PRODUCT_BUNDLE_IDENTIFIER = drabweb.Azusa;
				PRODUCT_NAME = "$(TARGET_NAME)";
				"SWIFT_INCLUDE_PATHS[arch=*]" = "$(SRCROOT)/External/libmpdclient/";
				SWIFT_OBJC_BRIDGING_HEADER = "Azusa/Bridging-Header.h";
				SWIFT_VERSION = 3.0;
			};
			name = Debug;
		};
		AE602F171DF8E8E3002225CB /* Release */ = {
			isa = XCBuildConfiguration;
			baseConfigurationReference = 5A106C4C9D9148717FAE70A8 /* Pods-Azusa.release.xcconfig */;
			buildSettings = {
				ALWAYS_EMBED_SWIFT_STANDARD_LIBRARIES = "$(inherited)";
				ASSETCATALOG_COMPILER_APPICON_NAME = AppIcon;
				COMBINE_HIDPI_IMAGES = YES;
				INFOPLIST_FILE = Azusa/Info.plist;
				LD_RUNPATH_SEARCH_PATHS = "$(inherited) @executable_path/../Frameworks";
				LIBRARY_SEARCH_PATHS = (
					"$(inherited)",
					"$(PROJECT_DIR)/External/libmpdclient",
				);
				PRODUCT_BUNDLE_IDENTIFIER = drabweb.Azusa;
				PRODUCT_NAME = "$(TARGET_NAME)";
				SWIFT_INCLUDE_PATHS = "$(SRCROOT)/External/libmpdclient/";
				SWIFT_OBJC_BRIDGING_HEADER = "Azusa/Bridging-Header.h";
				SWIFT_VERSION = 3.0;
			};
			name = Release;
		};
		AE602F191DF8E8E3002225CB /* Debug */ = {
			isa = XCBuildConfiguration;
			baseConfigurationReference = 11ACCD5CA55D2672DB574D6D /* Pods-AzusaTests.debug.xcconfig */;
			buildSettings = {
				ALWAYS_EMBED_SWIFT_STANDARD_LIBRARIES = "$(inherited)";
				BUNDLE_LOADER = "$(TEST_HOST)";
				COMBINE_HIDPI_IMAGES = YES;
				INFOPLIST_FILE = AzusaTests/Info.plist;
				LD_RUNPATH_SEARCH_PATHS = "$(inherited) @executable_path/../Frameworks @loader_path/../Frameworks";
				PRODUCT_BUNDLE_IDENTIFIER = drabweb.AzusaTests;
				PRODUCT_NAME = "$(TARGET_NAME)";
				SWIFT_VERSION = 3.0;
				TEST_HOST = "$(BUILT_PRODUCTS_DIR)/Azusa.app/Contents/MacOS/Azusa";
			};
			name = Debug;
		};
		AE602F1A1DF8E8E3002225CB /* Release */ = {
			isa = XCBuildConfiguration;
			baseConfigurationReference = 87FF1DE3125EAFEFE628D835 /* Pods-AzusaTests.release.xcconfig */;
			buildSettings = {
				ALWAYS_EMBED_SWIFT_STANDARD_LIBRARIES = "$(inherited)";
				BUNDLE_LOADER = "$(TEST_HOST)";
				COMBINE_HIDPI_IMAGES = YES;
				INFOPLIST_FILE = AzusaTests/Info.plist;
				LD_RUNPATH_SEARCH_PATHS = "$(inherited) @executable_path/../Frameworks @loader_path/../Frameworks";
				PRODUCT_BUNDLE_IDENTIFIER = drabweb.AzusaTests;
				PRODUCT_NAME = "$(TARGET_NAME)";
				SWIFT_VERSION = 3.0;
				TEST_HOST = "$(BUILT_PRODUCTS_DIR)/Azusa.app/Contents/MacOS/Azusa";
			};
			name = Release;
		};
		AE602F1C1DF8E8E3002225CB /* Debug */ = {
			isa = XCBuildConfiguration;
			baseConfigurationReference = 3265FB410C534305FE0B5C5C /* Pods-AzusaUITests.debug.xcconfig */;
			buildSettings = {
				ALWAYS_EMBED_SWIFT_STANDARD_LIBRARIES = "$(inherited)";
				COMBINE_HIDPI_IMAGES = YES;
				INFOPLIST_FILE = AzusaUITests/Info.plist;
				LD_RUNPATH_SEARCH_PATHS = "$(inherited) @executable_path/../Frameworks @loader_path/../Frameworks";
				PRODUCT_BUNDLE_IDENTIFIER = drabweb.AzusaUITests;
				PRODUCT_NAME = "$(TARGET_NAME)";
				SWIFT_VERSION = 3.0;
				TEST_TARGET_NAME = Azusa;
			};
			name = Debug;
		};
		AE602F1D1DF8E8E3002225CB /* Release */ = {
			isa = XCBuildConfiguration;
			baseConfigurationReference = 74963163B4BE4F7B4349A80E /* Pods-AzusaUITests.release.xcconfig */;
			buildSettings = {
				ALWAYS_EMBED_SWIFT_STANDARD_LIBRARIES = "$(inherited)";
				COMBINE_HIDPI_IMAGES = YES;
				INFOPLIST_FILE = AzusaUITests/Info.plist;
				LD_RUNPATH_SEARCH_PATHS = "$(inherited) @executable_path/../Frameworks @loader_path/../Frameworks";
				PRODUCT_BUNDLE_IDENTIFIER = drabweb.AzusaUITests;
				PRODUCT_NAME = "$(TARGET_NAME)";
				SWIFT_VERSION = 3.0;
				TEST_TARGET_NAME = Azusa;
			};
			name = Release;
		};
/* End XCBuildConfiguration section */

/* Begin XCConfigurationList section */
		AE602EEB1DF8E8E3002225CB /* Build configuration list for PBXProject "Azusa" */ = {
			isa = XCConfigurationList;
			buildConfigurations = (
				AE602F131DF8E8E3002225CB /* Debug */,
				AE602F141DF8E8E3002225CB /* Release */,
			);
			defaultConfigurationIsVisible = 0;
			defaultConfigurationName = Release;
		};
		AE602F151DF8E8E3002225CB /* Build configuration list for PBXNativeTarget "Azusa" */ = {
			isa = XCConfigurationList;
			buildConfigurations = (
				AE602F161DF8E8E3002225CB /* Debug */,
				AE602F171DF8E8E3002225CB /* Release */,
			);
			defaultConfigurationIsVisible = 0;
			defaultConfigurationName = Release;
		};
		AE602F181DF8E8E3002225CB /* Build configuration list for PBXNativeTarget "AzusaTests" */ = {
			isa = XCConfigurationList;
			buildConfigurations = (
				AE602F191DF8E8E3002225CB /* Debug */,
				AE602F1A1DF8E8E3002225CB /* Release */,
			);
			defaultConfigurationIsVisible = 0;
			defaultConfigurationName = Release;
		};
		AE602F1B1DF8E8E3002225CB /* Build configuration list for PBXNativeTarget "AzusaUITests" */ = {
			isa = XCConfigurationList;
			buildConfigurations = (
				AE602F1C1DF8E8E3002225CB /* Debug */,
				AE602F1D1DF8E8E3002225CB /* Release */,
			);
			defaultConfigurationIsVisible = 0;
			defaultConfigurationName = Release;
		};
/* End XCConfigurationList section */
	};
	rootObject = AE602EE81DF8E8E3002225CB /* Project object */;
}
