// !$*UTF8*$!
{
	archiveVersion = 1;
	classes = {
	};
	objectVersion = 46;
	objects = {

/* Begin PBXBuildFile section */
		AE13CA071E4EB8F7007CF7BE /* PlayerBar.storyboard in Resources */ = {isa = PBXBuildFile; fileRef = AE13CA061E4EB8F7007CF7BE /* PlayerBar.storyboard */; };
		AE13CA091E4EBA63007CF7BE /* PlayerBarController.swift in Sources */ = {isa = PBXBuildFile; fileRef = AE13CA081E4EBA63007CF7BE /* PlayerBarController.swift */; };
		AE13CA0B1E4EBCB2007CF7BE /* MusicPlayerController.swift in Sources */ = {isa = PBXBuildFile; fileRef = AE13CA0A1E4EBCB2007CF7BE /* MusicPlayerController.swift */; };
		AE13CA0D1E4EDF91007CF7BE /* RoundDarkEdgedImageView.swift in Sources */ = {isa = PBXBuildFile; fileRef = AE13CA0C1E4EDF91007CF7BE /* RoundDarkEdgedImageView.swift */; };
		AE13CA0F1E4EEF88007CF7BE /* ProgressSliderCell.swift in Sources */ = {isa = PBXBuildFile; fileRef = AE13CA0E1E4EEF88007CF7BE /* ProgressSliderCell.swift */; };
		AE1C88D91E4BFEB90071508F /* AppDelegate.swift in Sources */ = {isa = PBXBuildFile; fileRef = AE1C88D81E4BFEB90071508F /* AppDelegate.swift */; };
		AE1C88DD1E4BFEBA0071508F /* Assets.xcassets in Resources */ = {isa = PBXBuildFile; fileRef = AE1C88DC1E4BFEBA0071508F /* Assets.xcassets */; };
		AE1C88E01E4BFEBA0071508F /* Main.storyboard in Resources */ = {isa = PBXBuildFile; fileRef = AE1C88DE1E4BFEBA0071508F /* Main.storyboard */; };
		AE1C88EB1E4BFEBA0071508F /* AzusaUITests.swift in Sources */ = {isa = PBXBuildFile; fileRef = AE1C88EA1E4BFEBA0071508F /* AzusaUITests.swift */; };
		AE1C88F81E4C072B0071508F /* MusicPlayerSplitViewController.swift in Sources */ = {isa = PBXBuildFile; fileRef = AE1C88F71E4C072B0071508F /* MusicPlayerSplitViewController.swift */; };
		AE5A73281E4D6822003D7280 /* SidebarController.swift in Sources */ = {isa = PBXBuildFile; fileRef = AE5A73271E4D6822003D7280 /* SidebarController.swift */; };
		AE5A732A1E4D68F0003D7280 /* ContentController.swift in Sources */ = {isa = PBXBuildFile; fileRef = AE5A73291E4D68F0003D7280 /* ContentController.swift */; };
		AE5A73301E4D735A003D7280 /* SidebarModel.swift in Sources */ = {isa = PBXBuildFile; fileRef = AE5A732F1E4D735A003D7280 /* SidebarModel.swift */; };
		AE5A73341E4D80A7003D7280 /* SidebarItems.swift in Sources */ = {isa = PBXBuildFile; fileRef = AE5A73331E4D80A7003D7280 /* SidebarItems.swift */; };
		AE7F80651E4F0FBA00D21060 /* Album.swift in Sources */ = {isa = PBXBuildFile; fileRef = AE7F80611E4F0FBA00D21060 /* Album.swift */; };
		AE7F80661E4F0FBA00D21060 /* Artist.swift in Sources */ = {isa = PBXBuildFile; fileRef = AE7F80621E4F0FBA00D21060 /* Artist.swift */; };
		AE7F80681E4F0FBA00D21060 /* Genre.swift in Sources */ = {isa = PBXBuildFile; fileRef = AE7F80641E4F0FBA00D21060 /* Genre.swift */; };
		AE7F806F1E4F12BE00D21060 /* MusicSource.swift in Sources */ = {isa = PBXBuildFile; fileRef = AE7F806C1E4F12BE00D21060 /* MusicSource.swift */; };
		AE7F80701E4F12BE00D21060 /* PlayerStatus.swift in Sources */ = {isa = PBXBuildFile; fileRef = AE7F806D1E4F12BE00D21060 /* PlayerStatus.swift */; };
		AE7F80711E4F12BE00D21060 /* Song.swift in Sources */ = {isa = PBXBuildFile; fileRef = AE7F806E1E4F12BE00D21060 /* Song.swift */; };
		AE7F80731E4F168000D21060 /* Events.swift in Sources */ = {isa = PBXBuildFile; fileRef = AE7F80721E4F168000D21060 /* Events.swift */; };
		AE7F80751E4F1A8B00D21060 /* Logger.swift in Sources */ = {isa = PBXBuildFile; fileRef = AE7F80741E4F1A8B00D21060 /* Logger.swift */; };
		AEA8640A1E4FB63B00943AEF /* MIMPD.swift in Sources */ = {isa = PBXBuildFile; fileRef = AEA864091E4FB63B00943AEF /* MIMPD.swift */; };
		AEA864101E4FBA7500943AEF /* MIMPDPlayerStatus.swift in Sources */ = {isa = PBXBuildFile; fileRef = AEA8640C1E4FBA7500943AEF /* MIMPDPlayerStatus.swift */; };
		AEA864111E4FBA7500943AEF /* MIMPDStats.swift in Sources */ = {isa = PBXBuildFile; fileRef = AEA8640D1E4FBA7500943AEF /* MIMPDStats.swift */; };
		AEA864121E4FBA7500943AEF /* MISong.swift in Sources */ = {isa = PBXBuildFile; fileRef = AEA8640E1E4FBA7500943AEF /* MISong.swift */; };
		AEA864131E4FBA7500943AEF /* MIMusicSource.swift in Sources */ = {isa = PBXBuildFile; fileRef = AEA8640F1E4FBA7500943AEF /* MIMusicSource.swift */; };
		AEA864151E4FBB7A00943AEF /* MusicUtilities.swift in Sources */ = {isa = PBXBuildFile; fileRef = AEA864141E4FBB7A00943AEF /* MusicUtilities.swift */; };
		AEA864801E4FC90800943AEF /* libmpdclient.a in Frameworks */ = {isa = PBXBuildFile; fileRef = AEA864611E4FC90800943AEF /* libmpdclient.a */; };
		AEA864811E4FC90800943AEF /* LICENSE in Resources */ = {isa = PBXBuildFile; fileRef = AEA864621E4FC90800943AEF /* LICENSE */; };
/* End PBXBuildFile section */

/* Begin PBXContainerItemProxy section */
		AE1C88E71E4BFEBA0071508F /* PBXContainerItemProxy */ = {
			isa = PBXContainerItemProxy;
			containerPortal = AE1C88CD1E4BFEB90071508F /* Project object */;
			proxyType = 1;
			remoteGlobalIDString = AE1C88D41E4BFEB90071508F;
			remoteInfo = Azusa;
		};
/* End PBXContainerItemProxy section */

/* Begin PBXFileReference section */
		AE13CA061E4EB8F7007CF7BE /* PlayerBar.storyboard */ = {isa = PBXFileReference; fileEncoding = 4; lastKnownFileType = file.storyboard; name = PlayerBar.storyboard; path = Interface/Status/PlayerBar.storyboard; sourceTree = "<group>"; };
		AE13CA081E4EBA63007CF7BE /* PlayerBarController.swift */ = {isa = PBXFileReference; fileEncoding = 4; lastKnownFileType = sourcecode.swift; path = PlayerBarController.swift; sourceTree = "<group>"; };
		AE13CA0A1E4EBCB2007CF7BE /* MusicPlayerController.swift */ = {isa = PBXFileReference; fileEncoding = 4; lastKnownFileType = sourcecode.swift; path = MusicPlayerController.swift; sourceTree = "<group>"; };
		AE13CA0C1E4EDF91007CF7BE /* RoundDarkEdgedImageView.swift */ = {isa = PBXFileReference; fileEncoding = 4; lastKnownFileType = sourcecode.swift; path = RoundDarkEdgedImageView.swift; sourceTree = "<group>"; };
		AE13CA0E1E4EEF88007CF7BE /* ProgressSliderCell.swift */ = {isa = PBXFileReference; fileEncoding = 4; lastKnownFileType = sourcecode.swift; path = ProgressSliderCell.swift; sourceTree = "<group>"; };
		AE1C88D51E4BFEB90071508F /* Azusa.app */ = {isa = PBXFileReference; explicitFileType = wrapper.application; includeInIndex = 0; path = Azusa.app; sourceTree = BUILT_PRODUCTS_DIR; };
		AE1C88D81E4BFEB90071508F /* AppDelegate.swift */ = {isa = PBXFileReference; lastKnownFileType = sourcecode.swift; path = AppDelegate.swift; sourceTree = "<group>"; };
		AE1C88DC1E4BFEBA0071508F /* Assets.xcassets */ = {isa = PBXFileReference; lastKnownFileType = folder.assetcatalog; path = Assets.xcassets; sourceTree = "<group>"; };
		AE1C88DF1E4BFEBA0071508F /* Base */ = {isa = PBXFileReference; lastKnownFileType = file.storyboard; name = Base; path = Base.lproj/Main.storyboard; sourceTree = "<group>"; };
		AE1C88E11E4BFEBA0071508F /* Info.plist */ = {isa = PBXFileReference; lastKnownFileType = text.plist.xml; path = Info.plist; sourceTree = "<group>"; };
		AE1C88E61E4BFEBA0071508F /* AzusaUITests.xctest */ = {isa = PBXFileReference; explicitFileType = wrapper.cfbundle; includeInIndex = 0; path = AzusaUITests.xctest; sourceTree = BUILT_PRODUCTS_DIR; };
		AE1C88EA1E4BFEBA0071508F /* AzusaUITests.swift */ = {isa = PBXFileReference; lastKnownFileType = sourcecode.swift; path = AzusaUITests.swift; sourceTree = "<group>"; };
		AE1C88EC1E4BFEBA0071508F /* Info.plist */ = {isa = PBXFileReference; lastKnownFileType = text.plist.xml; path = Info.plist; sourceTree = "<group>"; };
		AE1C88F71E4C072B0071508F /* MusicPlayerSplitViewController.swift */ = {isa = PBXFileReference; fileEncoding = 4; lastKnownFileType = sourcecode.swift; path = MusicPlayerSplitViewController.swift; sourceTree = "<group>"; };
		AE5A73271E4D6822003D7280 /* SidebarController.swift */ = {isa = PBXFileReference; fileEncoding = 4; lastKnownFileType = sourcecode.swift; path = SidebarController.swift; sourceTree = "<group>"; };
		AE5A73291E4D68F0003D7280 /* ContentController.swift */ = {isa = PBXFileReference; fileEncoding = 4; lastKnownFileType = sourcecode.swift; path = ContentController.swift; sourceTree = "<group>"; };
		AE5A732F1E4D735A003D7280 /* SidebarModel.swift */ = {isa = PBXFileReference; fileEncoding = 4; lastKnownFileType = sourcecode.swift; path = SidebarModel.swift; sourceTree = "<group>"; };
		AE5A73331E4D80A7003D7280 /* SidebarItems.swift */ = {isa = PBXFileReference; fileEncoding = 4; lastKnownFileType = sourcecode.swift; path = SidebarItems.swift; sourceTree = "<group>"; };
		AE7F80611E4F0FBA00D21060 /* Album.swift */ = {isa = PBXFileReference; fileEncoding = 4; lastKnownFileType = sourcecode.swift; path = Album.swift; sourceTree = "<group>"; };
		AE7F80621E4F0FBA00D21060 /* Artist.swift */ = {isa = PBXFileReference; fileEncoding = 4; lastKnownFileType = sourcecode.swift; path = Artist.swift; sourceTree = "<group>"; };
		AE7F80641E4F0FBA00D21060 /* Genre.swift */ = {isa = PBXFileReference; fileEncoding = 4; lastKnownFileType = sourcecode.swift; path = Genre.swift; sourceTree = "<group>"; };
		AE7F806C1E4F12BE00D21060 /* MusicSource.swift */ = {isa = PBXFileReference; fileEncoding = 4; lastKnownFileType = sourcecode.swift; path = MusicSource.swift; sourceTree = "<group>"; };
		AE7F806D1E4F12BE00D21060 /* PlayerStatus.swift */ = {isa = PBXFileReference; fileEncoding = 4; lastKnownFileType = sourcecode.swift; path = PlayerStatus.swift; sourceTree = "<group>"; };
		AE7F806E1E4F12BE00D21060 /* Song.swift */ = {isa = PBXFileReference; fileEncoding = 4; lastKnownFileType = sourcecode.swift; path = Song.swift; sourceTree = "<group>"; };
		AE7F80721E4F168000D21060 /* Events.swift */ = {isa = PBXFileReference; fileEncoding = 4; lastKnownFileType = sourcecode.swift; path = Events.swift; sourceTree = "<group>"; };
		AE7F80741E4F1A8B00D21060 /* Logger.swift */ = {isa = PBXFileReference; fileEncoding = 4; lastKnownFileType = sourcecode.swift; path = Logger.swift; sourceTree = "<group>"; };
		AEA864091E4FB63B00943AEF /* MIMPD.swift */ = {isa = PBXFileReference; fileEncoding = 4; lastKnownFileType = sourcecode.swift; path = MIMPD.swift; sourceTree = "<group>"; };
		AEA8640C1E4FBA7500943AEF /* MIMPDPlayerStatus.swift */ = {isa = PBXFileReference; fileEncoding = 4; lastKnownFileType = sourcecode.swift; path = MIMPDPlayerStatus.swift; sourceTree = "<group>"; };
		AEA8640D1E4FBA7500943AEF /* MIMPDStats.swift */ = {isa = PBXFileReference; fileEncoding = 4; lastKnownFileType = sourcecode.swift; path = MIMPDStats.swift; sourceTree = "<group>"; };
		AEA8640E1E4FBA7500943AEF /* MISong.swift */ = {isa = PBXFileReference; fileEncoding = 4; lastKnownFileType = sourcecode.swift; path = MISong.swift; sourceTree = "<group>"; };
		AEA8640F1E4FBA7500943AEF /* MIMusicSource.swift */ = {isa = PBXFileReference; fileEncoding = 4; lastKnownFileType = sourcecode.swift; path = MIMusicSource.swift; sourceTree = "<group>"; };
		AEA864141E4FBB7A00943AEF /* MusicUtilities.swift */ = {isa = PBXFileReference; fileEncoding = 4; lastKnownFileType = sourcecode.swift; path = MusicUtilities.swift; sourceTree = "<group>"; };
		AEA8644E1E4FC90800943AEF /* async.h */ = {isa = PBXFileReference; fileEncoding = 4; lastKnownFileType = sourcecode.c.h; path = async.h; sourceTree = "<group>"; };
		AEA8644F1E4FC90800943AEF /* audio_format.h */ = {isa = PBXFileReference; fileEncoding = 4; lastKnownFileType = sourcecode.c.h; path = audio_format.h; sourceTree = "<group>"; };
		AEA864501E4FC90800943AEF /* buffer.h */ = {isa = PBXFileReference; fileEncoding = 4; lastKnownFileType = sourcecode.c.h; path = buffer.h; sourceTree = "<group>"; };
		AEA864511E4FC90800943AEF /* capabilities.h */ = {isa = PBXFileReference; fileEncoding = 4; lastKnownFileType = sourcecode.c.h; path = capabilities.h; sourceTree = "<group>"; };
		AEA864521E4FC90800943AEF /* client.h */ = {isa = PBXFileReference; fileEncoding = 4; lastKnownFileType = sourcecode.c.h; path = client.h; sourceTree = "<group>"; };
		AEA864531E4FC90800943AEF /* compiler.h */ = {isa = PBXFileReference; fileEncoding = 4; lastKnownFileType = sourcecode.c.h; path = compiler.h; sourceTree = "<group>"; };
		AEA864541E4FC90800943AEF /* config.h */ = {isa = PBXFileReference; fileEncoding = 4; lastKnownFileType = sourcecode.c.h; path = config.h; sourceTree = "<group>"; };
		AEA864551E4FC90800943AEF /* connection.h */ = {isa = PBXFileReference; fileEncoding = 4; lastKnownFileType = sourcecode.c.h; path = connection.h; sourceTree = "<group>"; };
		AEA864561E4FC90800943AEF /* database.h */ = {isa = PBXFileReference; fileEncoding = 4; lastKnownFileType = sourcecode.c.h; path = database.h; sourceTree = "<group>"; };
		AEA864571E4FC90800943AEF /* directory.h */ = {isa = PBXFileReference; fileEncoding = 4; lastKnownFileType = sourcecode.c.h; path = directory.h; sourceTree = "<group>"; };
		AEA864581E4FC90800943AEF /* entity.h */ = {isa = PBXFileReference; fileEncoding = 4; lastKnownFileType = sourcecode.c.h; path = entity.h; sourceTree = "<group>"; };
		AEA864591E4FC90800943AEF /* error.h */ = {isa = PBXFileReference; fileEncoding = 4; lastKnownFileType = sourcecode.c.h; path = error.h; sourceTree = "<group>"; };
		AEA8645A1E4FC90800943AEF /* fd_util.h */ = {isa = PBXFileReference; fileEncoding = 4; lastKnownFileType = sourcecode.c.h; path = fd_util.h; sourceTree = "<group>"; };
		AEA8645B1E4FC90800943AEF /* iasync.h */ = {isa = PBXFileReference; fileEncoding = 4; lastKnownFileType = sourcecode.c.h; path = iasync.h; sourceTree = "<group>"; };
		AEA8645C1E4FC90800943AEF /* idle.h */ = {isa = PBXFileReference; fileEncoding = 4; lastKnownFileType = sourcecode.c.h; path = idle.h; sourceTree = "<group>"; };
		AEA8645D1E4FC90800943AEF /* ierror.h */ = {isa = PBXFileReference; fileEncoding = 4; lastKnownFileType = sourcecode.c.h; path = ierror.h; sourceTree = "<group>"; };
		AEA8645E1E4FC90800943AEF /* internal.h */ = {isa = PBXFileReference; fileEncoding = 4; lastKnownFileType = sourcecode.c.h; path = internal.h; sourceTree = "<group>"; };
		AEA8645F1E4FC90800943AEF /* isend.h */ = {isa = PBXFileReference; fileEncoding = 4; lastKnownFileType = sourcecode.c.h; path = isend.h; sourceTree = "<group>"; };
		AEA864601E4FC90800943AEF /* iso8601.h */ = {isa = PBXFileReference; fileEncoding = 4; lastKnownFileType = sourcecode.c.h; path = iso8601.h; sourceTree = "<group>"; };
		AEA864611E4FC90800943AEF /* libmpdclient.a */ = {isa = PBXFileReference; lastKnownFileType = archive.ar; path = libmpdclient.a; sourceTree = "<group>"; };
		AEA864621E4FC90800943AEF /* LICENSE */ = {isa = PBXFileReference; fileEncoding = 4; lastKnownFileType = text; path = LICENSE; sourceTree = "<group>"; };
		AEA864631E4FC90800943AEF /* list.h */ = {isa = PBXFileReference; fileEncoding = 4; lastKnownFileType = sourcecode.c.h; path = list.h; sourceTree = "<group>"; };
		AEA864641E4FC90800943AEF /* message.h */ = {isa = PBXFileReference; fileEncoding = 4; lastKnownFileType = sourcecode.c.h; path = message.h; sourceTree = "<group>"; };
		AEA864651E4FC90800943AEF /* mixer.h */ = {isa = PBXFileReference; fileEncoding = 4; lastKnownFileType = sourcecode.c.h; path = mixer.h; sourceTree = "<group>"; };
		AEA864661E4FC90800943AEF /* module.modulemap */ = {isa = PBXFileReference; fileEncoding = 4; lastKnownFileType = "sourcecode.module-map"; path = module.modulemap; sourceTree = "<group>"; };
		AEA864671E4FC90800943AEF /* output.h */ = {isa = PBXFileReference; fileEncoding = 4; lastKnownFileType = sourcecode.c.h; path = output.h; sourceTree = "<group>"; };
		AEA864681E4FC90800943AEF /* pair.h */ = {isa = PBXFileReference; fileEncoding = 4; lastKnownFileType = sourcecode.c.h; path = pair.h; sourceTree = "<group>"; };
		AEA864691E4FC90800943AEF /* parser.h */ = {isa = PBXFileReference; fileEncoding = 4; lastKnownFileType = sourcecode.c.h; path = parser.h; sourceTree = "<group>"; };
		AEA8646A1E4FC90800943AEF /* password.h */ = {isa = PBXFileReference; fileEncoding = 4; lastKnownFileType = sourcecode.c.h; path = password.h; sourceTree = "<group>"; };
		AEA8646B1E4FC90800943AEF /* player.h */ = {isa = PBXFileReference; fileEncoding = 4; lastKnownFileType = sourcecode.c.h; path = player.h; sourceTree = "<group>"; };
		AEA8646C1E4FC90800943AEF /* playlist.h */ = {isa = PBXFileReference; fileEncoding = 4; lastKnownFileType = sourcecode.c.h; path = playlist.h; sourceTree = "<group>"; };
		AEA8646D1E4FC90800943AEF /* protocol.h */ = {isa = PBXFileReference; fileEncoding = 4; lastKnownFileType = sourcecode.c.h; path = protocol.h; sourceTree = "<group>"; };
		AEA8646E1E4FC90800943AEF /* queue.h */ = {isa = PBXFileReference; fileEncoding = 4; lastKnownFileType = sourcecode.c.h; path = queue.h; sourceTree = "<group>"; };
		AEA8646F1E4FC90800943AEF /* quote.h */ = {isa = PBXFileReference; fileEncoding = 4; lastKnownFileType = sourcecode.c.h; path = quote.h; sourceTree = "<group>"; };
		AEA864701E4FC90800943AEF /* recv.h */ = {isa = PBXFileReference; fileEncoding = 4; lastKnownFileType = sourcecode.c.h; path = recv.h; sourceTree = "<group>"; };
		AEA864711E4FC90800943AEF /* resolver.h */ = {isa = PBXFileReference; fileEncoding = 4; lastKnownFileType = sourcecode.c.h; path = resolver.h; sourceTree = "<group>"; };
		AEA864721E4FC90800943AEF /* response.h */ = {isa = PBXFileReference; fileEncoding = 4; lastKnownFileType = sourcecode.c.h; path = response.h; sourceTree = "<group>"; };
		AEA864731E4FC90800943AEF /* run.h */ = {isa = PBXFileReference; fileEncoding = 4; lastKnownFileType = sourcecode.c.h; path = run.h; sourceTree = "<group>"; };
		AEA864741E4FC90800943AEF /* search.h */ = {isa = PBXFileReference; fileEncoding = 4; lastKnownFileType = sourcecode.c.h; path = search.h; sourceTree = "<group>"; };
		AEA864751E4FC90800943AEF /* send.h */ = {isa = PBXFileReference; fileEncoding = 4; lastKnownFileType = sourcecode.c.h; path = send.h; sourceTree = "<group>"; };
		AEA864761E4FC90800943AEF /* settings.h */ = {isa = PBXFileReference; fileEncoding = 4; lastKnownFileType = sourcecode.c.h; path = settings.h; sourceTree = "<group>"; };
		AEA864771E4FC90800943AEF /* socket.h */ = {isa = PBXFileReference; fileEncoding = 4; lastKnownFileType = sourcecode.c.h; path = socket.h; sourceTree = "<group>"; };
		AEA864781E4FC90800943AEF /* song.h */ = {isa = PBXFileReference; fileEncoding = 4; lastKnownFileType = sourcecode.c.h; path = song.h; sourceTree = "<group>"; };
		AEA864791E4FC90800943AEF /* stats.h */ = {isa = PBXFileReference; fileEncoding = 4; lastKnownFileType = sourcecode.c.h; path = stats.h; sourceTree = "<group>"; };
		AEA8647A1E4FC90800943AEF /* status.h */ = {isa = PBXFileReference; fileEncoding = 4; lastKnownFileType = sourcecode.c.h; path = status.h; sourceTree = "<group>"; };
		AEA8647B1E4FC90800943AEF /* sticker.h */ = {isa = PBXFileReference; fileEncoding = 4; lastKnownFileType = sourcecode.c.h; path = sticker.h; sourceTree = "<group>"; };
		AEA8647C1E4FC90800943AEF /* sync.h */ = {isa = PBXFileReference; fileEncoding = 4; lastKnownFileType = sourcecode.c.h; path = sync.h; sourceTree = "<group>"; };
		AEA8647D1E4FC90800943AEF /* tag.h */ = {isa = PBXFileReference; fileEncoding = 4; lastKnownFileType = sourcecode.c.h; path = tag.h; sourceTree = "<group>"; };
		AEA8647E1E4FC90800943AEF /* uri.h */ = {isa = PBXFileReference; fileEncoding = 4; lastKnownFileType = sourcecode.c.h; path = uri.h; sourceTree = "<group>"; };
		AEA8647F1E4FC90800943AEF /* version.h */ = {isa = PBXFileReference; fileEncoding = 4; lastKnownFileType = sourcecode.c.h; path = version.h; sourceTree = "<group>"; };
/* End PBXFileReference section */

/* Begin PBXFrameworksBuildPhase section */
		AE1C88D21E4BFEB90071508F /* Frameworks */ = {
			isa = PBXFrameworksBuildPhase;
			buildActionMask = 2147483647;
			files = (
				AEA864801E4FC90800943AEF /* libmpdclient.a in Frameworks */,
			);
			runOnlyForDeploymentPostprocessing = 0;
		};
		AE1C88E31E4BFEBA0071508F /* Frameworks */ = {
			isa = PBXFrameworksBuildPhase;
			buildActionMask = 2147483647;
			files = (
			);
			runOnlyForDeploymentPostprocessing = 0;
		};
/* End PBXFrameworksBuildPhase section */

/* Begin PBXGroup section */
		AE1C88CC1E4BFEB90071508F = {
			isa = PBXGroup;
			children = (
				AE1C88D71E4BFEB90071508F /* Azusa */,
				AE1C88E91E4BFEBA0071508F /* AzusaUITests */,
				AE1C88D61E4BFEB90071508F /* Products */,
			);
			sourceTree = "<group>";
		};
		AE1C88D61E4BFEB90071508F /* Products */ = {
			isa = PBXGroup;
			children = (
				AE1C88D51E4BFEB90071508F /* Azusa.app */,
				AE1C88E61E4BFEBA0071508F /* AzusaUITests.xctest */,
			);
			name = Products;
			sourceTree = "<group>";
		};
		AE1C88D71E4BFEB90071508F /* Azusa */ = {
			isa = PBXGroup;
			children = (
				AE1C88D81E4BFEB90071508F /* AppDelegate.swift */,
				AE1C88F51E4BFFF70071508F /* Interface */,
				AE1C88F61E4C070C0071508F /* View Controllers */,
				AE5A732B1E4D7291003D7280 /* Model */,
				AE7F805C1E4F0F2D00D21060 /* Objects */,
				AE7F805F1E4F0F9000D21060 /* Protocols */,
				AEC554A31E4DF72800D6A987 /* Views */,
				AEA864071E4FB61100943AEF /* Sources */,
				AEA8644C1E4FC90800943AEF /* External */,
				AE1C88DC1E4BFEBA0071508F /* Assets.xcassets */,
				AE1C88E11E4BFEBA0071508F /* Info.plist */,
			);
			path = Azusa;
			sourceTree = "<group>";
		};
		AE1C88E91E4BFEBA0071508F /* AzusaUITests */ = {
			isa = PBXGroup;
			children = (
				AE1C88EA1E4BFEBA0071508F /* AzusaUITests.swift */,
				AE1C88EC1E4BFEBA0071508F /* Info.plist */,
			);
			path = AzusaUITests;
			sourceTree = "<group>";
		};
		AE1C88F51E4BFFF70071508F /* Interface */ = {
			isa = PBXGroup;
			children = (
				AE1C88DE1E4BFEBA0071508F /* Main.storyboard */,
				AE13CA061E4EB8F7007CF7BE /* PlayerBar.storyboard */,
			);
			name = Interface;
			sourceTree = "<group>";
		};
		AE1C88F61E4C070C0071508F /* View Controllers */ = {
			isa = PBXGroup;
			children = (
				AE13CA0A1E4EBCB2007CF7BE /* MusicPlayerController.swift */,
				AE1C88F71E4C072B0071508F /* MusicPlayerSplitViewController.swift */,
				AE5A73271E4D6822003D7280 /* SidebarController.swift */,
				AE5A73291E4D68F0003D7280 /* ContentController.swift */,
				AE13CA081E4EBA63007CF7BE /* PlayerBarController.swift */,
			);
			path = "View Controllers";
			sourceTree = "<group>";
		};
		AE5A732B1E4D7291003D7280 /* Model */ = {
			isa = PBXGroup;
			children = (
				AE5A732C1E4D7340003D7280 /* Sidebar */,
			);
			path = Model;
			sourceTree = "<group>";
		};
		AE5A732C1E4D7340003D7280 /* Sidebar */ = {
			isa = PBXGroup;
			children = (
				AE5A732F1E4D735A003D7280 /* SidebarModel.swift */,
				AE5A73331E4D80A7003D7280 /* SidebarItems.swift */,
			);
			path = Sidebar;
			sourceTree = "<group>";
		};
		AE7F805C1E4F0F2D00D21060 /* Objects */ = {
			isa = PBXGroup;
			children = (
				AE7F805E1E4F0F5D00D21060 /* Music */,
				AE7F80721E4F168000D21060 /* Events.swift */,
				AE7F80741E4F1A8B00D21060 /* Logger.swift */,
				AEA864141E4FBB7A00943AEF /* MusicUtilities.swift */,
			);
			path = Objects;
			sourceTree = "<group>";
		};
		AE7F805E1E4F0F5D00D21060 /* Music */ = {
			isa = PBXGroup;
			children = (
				AE7F80611E4F0FBA00D21060 /* Album.swift */,
				AE7F80621E4F0FBA00D21060 /* Artist.swift */,
				AE7F80641E4F0FBA00D21060 /* Genre.swift */,
			);
			path = Music;
			sourceTree = "<group>";
		};
		AE7F805F1E4F0F9000D21060 /* Protocols */ = {
			isa = PBXGroup;
			children = (
				AE7F80601E4F0F9900D21060 /* Music */,
			);
			path = Protocols;
			sourceTree = "<group>";
		};
		AE7F80601E4F0F9900D21060 /* Music */ = {
			isa = PBXGroup;
			children = (
				AE7F806C1E4F12BE00D21060 /* MusicSource.swift */,
				AE7F806D1E4F12BE00D21060 /* PlayerStatus.swift */,
				AE7F806E1E4F12BE00D21060 /* Song.swift */,
			);
			path = Music;
			sourceTree = "<group>";
		};
		AEA864071E4FB61100943AEF /* Sources */ = {
			isa = PBXGroup;
			children = (
				AEA864081E4FB61A00943AEF /* Mio */,
			);
			path = Sources;
			sourceTree = "<group>";
		};
		AEA864081E4FB61A00943AEF /* Mio */ = {
			isa = PBXGroup;
			children = (
				AEA864091E4FB63B00943AEF /* MIMPD.swift */,
				AEA8640F1E4FBA7500943AEF /* MIMusicSource.swift */,
				AEA8640B1E4FBA7500943AEF /* Objects */,
			);
			path = Mio;
			sourceTree = "<group>";
		};
		AEA8640B1E4FBA7500943AEF /* Objects */ = {
			isa = PBXGroup;
			children = (
				AEA8640C1E4FBA7500943AEF /* MIMPDPlayerStatus.swift */,
				AEA8640D1E4FBA7500943AEF /* MIMPDStats.swift */,
				AEA8640E1E4FBA7500943AEF /* MISong.swift */,
			);
			path = Objects;
			sourceTree = "<group>";
		};
		AEA8644C1E4FC90800943AEF /* External */ = {
			isa = PBXGroup;
			children = (
				AEA8644D1E4FC90800943AEF /* libmpdclient */,
			);
			path = External;
			sourceTree = SOURCE_ROOT;
		};
		AEA8644D1E4FC90800943AEF /* libmpdclient */ = {
			isa = PBXGroup;
			children = (
				AEA8644E1E4FC90800943AEF /* async.h */,
				AEA8644F1E4FC90800943AEF /* audio_format.h */,
				AEA864501E4FC90800943AEF /* buffer.h */,
				AEA864511E4FC90800943AEF /* capabilities.h */,
				AEA864521E4FC90800943AEF /* client.h */,
				AEA864531E4FC90800943AEF /* compiler.h */,
				AEA864541E4FC90800943AEF /* config.h */,
				AEA864551E4FC90800943AEF /* connection.h */,
				AEA864561E4FC90800943AEF /* database.h */,
				AEA864571E4FC90800943AEF /* directory.h */,
				AEA864581E4FC90800943AEF /* entity.h */,
				AEA864591E4FC90800943AEF /* error.h */,
				AEA8645A1E4FC90800943AEF /* fd_util.h */,
				AEA8645B1E4FC90800943AEF /* iasync.h */,
				AEA8645C1E4FC90800943AEF /* idle.h */,
				AEA8645D1E4FC90800943AEF /* ierror.h */,
				AEA8645E1E4FC90800943AEF /* internal.h */,
				AEA8645F1E4FC90800943AEF /* isend.h */,
				AEA864601E4FC90800943AEF /* iso8601.h */,
				AEA864611E4FC90800943AEF /* libmpdclient.a */,
				AEA864621E4FC90800943AEF /* LICENSE */,
				AEA864631E4FC90800943AEF /* list.h */,
				AEA864641E4FC90800943AEF /* message.h */,
				AEA864651E4FC90800943AEF /* mixer.h */,
				AEA864661E4FC90800943AEF /* module.modulemap */,
				AEA864671E4FC90800943AEF /* output.h */,
				AEA864681E4FC90800943AEF /* pair.h */,
				AEA864691E4FC90800943AEF /* parser.h */,
				AEA8646A1E4FC90800943AEF /* password.h */,
				AEA8646B1E4FC90800943AEF /* player.h */,
				AEA8646C1E4FC90800943AEF /* playlist.h */,
				AEA8646D1E4FC90800943AEF /* protocol.h */,
				AEA8646E1E4FC90800943AEF /* queue.h */,
				AEA8646F1E4FC90800943AEF /* quote.h */,
				AEA864701E4FC90800943AEF /* recv.h */,
				AEA864711E4FC90800943AEF /* resolver.h */,
				AEA864721E4FC90800943AEF /* response.h */,
				AEA864731E4FC90800943AEF /* run.h */,
				AEA864741E4FC90800943AEF /* search.h */,
				AEA864751E4FC90800943AEF /* send.h */,
				AEA864761E4FC90800943AEF /* settings.h */,
				AEA864771E4FC90800943AEF /* socket.h */,
				AEA864781E4FC90800943AEF /* song.h */,
				AEA864791E4FC90800943AEF /* stats.h */,
				AEA8647A1E4FC90800943AEF /* status.h */,
				AEA8647B1E4FC90800943AEF /* sticker.h */,
				AEA8647C1E4FC90800943AEF /* sync.h */,
				AEA8647D1E4FC90800943AEF /* tag.h */,
				AEA8647E1E4FC90800943AEF /* uri.h */,
				AEA8647F1E4FC90800943AEF /* version.h */,
			);
			path = libmpdclient;
			sourceTree = "<group>";
		};
		AEC554A31E4DF72800D6A987 /* Views */ = {
			isa = PBXGroup;
			children = (
				AE13CA0C1E4EDF91007CF7BE /* RoundDarkEdgedImageView.swift */,
				AE13CA0E1E4EEF88007CF7BE /* ProgressSliderCell.swift */,
			);
			path = Views;
			sourceTree = "<group>";
		};
/* End PBXGroup section */

/* Begin PBXNativeTarget section */
		AE1C88D41E4BFEB90071508F /* Azusa */ = {
			isa = PBXNativeTarget;
			buildConfigurationList = AE1C88EF1E4BFEBA0071508F /* Build configuration list for PBXNativeTarget "Azusa" */;
			buildPhases = (
				AE1C88D11E4BFEB90071508F /* Sources */,
				AE1C88D21E4BFEB90071508F /* Frameworks */,
				AE1C88D31E4BFEB90071508F /* Resources */,
			);
			buildRules = (
			);
			dependencies = (
			);
			name = Azusa;
			productName = Azusa;
			productReference = AE1C88D51E4BFEB90071508F /* Azusa.app */;
			productType = "com.apple.product-type.application";
		};
		AE1C88E51E4BFEBA0071508F /* AzusaUITests */ = {
			isa = PBXNativeTarget;
			buildConfigurationList = AE1C88F21E4BFEBA0071508F /* Build configuration list for PBXNativeTarget "AzusaUITests" */;
			buildPhases = (
				AE1C88E21E4BFEBA0071508F /* Sources */,
				AE1C88E31E4BFEBA0071508F /* Frameworks */,
				AE1C88E41E4BFEBA0071508F /* Resources */,
			);
			buildRules = (
			);
			dependencies = (
				AE1C88E81E4BFEBA0071508F /* PBXTargetDependency */,
			);
			name = AzusaUITests;
			productName = AzusaUITests;
			productReference = AE1C88E61E4BFEBA0071508F /* AzusaUITests.xctest */;
			productType = "com.apple.product-type.bundle.ui-testing";
		};
/* End PBXNativeTarget section */

/* Begin PBXProject section */
		AE1C88CD1E4BFEB90071508F /* Project object */ = {
			isa = PBXProject;
			attributes = {
				LastSwiftUpdateCheck = 0820;
				LastUpgradeCheck = 0820;
				ORGANIZATIONNAME = DrabWeb;
				TargetAttributes = {
					AE1C88D41E4BFEB90071508F = {
						CreatedOnToolsVersion = 8.2.1;
						ProvisioningStyle = Automatic;
					};
					AE1C88E51E4BFEBA0071508F = {
						CreatedOnToolsVersion = 8.2.1;
						ProvisioningStyle = Automatic;
						TestTargetID = AE1C88D41E4BFEB90071508F;
					};
				};
			};
			buildConfigurationList = AE1C88D01E4BFEB90071508F /* Build configuration list for PBXProject "Azusa" */;
			compatibilityVersion = "Xcode 3.2";
			developmentRegion = English;
			hasScannedForEncodings = 0;
			knownRegions = (
				en,
				Base,
			);
			mainGroup = AE1C88CC1E4BFEB90071508F;
			productRefGroup = AE1C88D61E4BFEB90071508F /* Products */;
			projectDirPath = "";
			projectRoot = "";
			targets = (
				AE1C88D41E4BFEB90071508F /* Azusa */,
				AE1C88E51E4BFEBA0071508F /* AzusaUITests */,
			);
		};
/* End PBXProject section */

/* Begin PBXResourcesBuildPhase section */
		AE1C88D31E4BFEB90071508F /* Resources */ = {
			isa = PBXResourcesBuildPhase;
			buildActionMask = 2147483647;
			files = (
				AE1C88DD1E4BFEBA0071508F /* Assets.xcassets in Resources */,
				AE1C88E01E4BFEBA0071508F /* Main.storyboard in Resources */,
				AEA864811E4FC90800943AEF /* LICENSE in Resources */,
				AE13CA071E4EB8F7007CF7BE /* PlayerBar.storyboard in Resources */,
			);
			runOnlyForDeploymentPostprocessing = 0;
		};
		AE1C88E41E4BFEBA0071508F /* Resources */ = {
			isa = PBXResourcesBuildPhase;
			buildActionMask = 2147483647;
			files = (
			);
			runOnlyForDeploymentPostprocessing = 0;
		};
/* End PBXResourcesBuildPhase section */

/* Begin PBXSourcesBuildPhase section */
		AE1C88D11E4BFEB90071508F /* Sources */ = {
			isa = PBXSourcesBuildPhase;
			buildActionMask = 2147483647;
			files = (
				AEA864111E4FBA7500943AEF /* MIMPDStats.swift in Sources */,
				AE13CA0B1E4EBCB2007CF7BE /* MusicPlayerController.swift in Sources */,
				AEA864121E4FBA7500943AEF /* MISong.swift in Sources */,
				AE1C88D91E4BFEB90071508F /* AppDelegate.swift in Sources */,
				AE7F80701E4F12BE00D21060 /* PlayerStatus.swift in Sources */,
				AE13CA0D1E4EDF91007CF7BE /* RoundDarkEdgedImageView.swift in Sources */,
				AE7F80661E4F0FBA00D21060 /* Artist.swift in Sources */,
				AE7F806F1E4F12BE00D21060 /* MusicSource.swift in Sources */,
				AEA864101E4FBA7500943AEF /* MIMPDPlayerStatus.swift in Sources */,
				AE7F80651E4F0FBA00D21060 /* Album.swift in Sources */,
				AE5A73281E4D6822003D7280 /* SidebarController.swift in Sources */,
				AE7F80681E4F0FBA00D21060 /* Genre.swift in Sources */,
				AE5A732A1E4D68F0003D7280 /* ContentController.swift in Sources */,
				AE13CA091E4EBA63007CF7BE /* PlayerBarController.swift in Sources */,
				AE5A73301E4D735A003D7280 /* SidebarModel.swift in Sources */,
				AEA864131E4FBA7500943AEF /* MIMusicSource.swift in Sources */,
				AE7F80711E4F12BE00D21060 /* Song.swift in Sources */,
				AE7F80751E4F1A8B00D21060 /* Logger.swift in Sources */,
				AE13CA0F1E4EEF88007CF7BE /* ProgressSliderCell.swift in Sources */,
				AE1C88F81E4C072B0071508F /* MusicPlayerSplitViewController.swift in Sources */,
				AEA864151E4FBB7A00943AEF /* MusicUtilities.swift in Sources */,
				AE7F80731E4F168000D21060 /* Events.swift in Sources */,
				AE5A73341E4D80A7003D7280 /* SidebarItems.swift in Sources */,
				AEA8640A1E4FB63B00943AEF /* MIMPD.swift in Sources */,
			);
			runOnlyForDeploymentPostprocessing = 0;
		};
		AE1C88E21E4BFEBA0071508F /* Sources */ = {
			isa = PBXSourcesBuildPhase;
			buildActionMask = 2147483647;
			files = (
				AE1C88EB1E4BFEBA0071508F /* AzusaUITests.swift in Sources */,
			);
			runOnlyForDeploymentPostprocessing = 0;
		};
/* End PBXSourcesBuildPhase section */

/* Begin PBXTargetDependency section */
		AE1C88E81E4BFEBA0071508F /* PBXTargetDependency */ = {
			isa = PBXTargetDependency;
			target = AE1C88D41E4BFEB90071508F /* Azusa */;
			targetProxy = AE1C88E71E4BFEBA0071508F /* PBXContainerItemProxy */;
		};
/* End PBXTargetDependency section */

/* Begin PBXVariantGroup section */
		AE1C88DE1E4BFEBA0071508F /* Main.storyboard */ = {
			isa = PBXVariantGroup;
			children = (
				AE1C88DF1E4BFEBA0071508F /* Base */,
			);
			name = Main.storyboard;
			sourceTree = "<group>";
		};
/* End PBXVariantGroup section */

/* Begin XCBuildConfiguration section */
		AE1C88ED1E4BFEBA0071508F /* Debug */ = {
			isa = XCBuildConfiguration;
			buildSettings = {
				ALWAYS_SEARCH_USER_PATHS = NO;
				CLANG_ANALYZER_NONNULL = YES;
				CLANG_CXX_LANGUAGE_STANDARD = "gnu++0x";
				CLANG_CXX_LIBRARY = "libc++";
				CLANG_ENABLE_MODULES = YES;
				CLANG_ENABLE_OBJC_ARC = YES;
				CLANG_WARN_BOOL_CONVERSION = YES;
				CLANG_WARN_CONSTANT_CONVERSION = YES;
				CLANG_WARN_DIRECT_OBJC_ISA_USAGE = YES_ERROR;
				CLANG_WARN_DOCUMENTATION_COMMENTS = YES;
				CLANG_WARN_EMPTY_BODY = YES;
				CLANG_WARN_ENUM_CONVERSION = YES;
				CLANG_WARN_INFINITE_RECURSION = YES;
				CLANG_WARN_INT_CONVERSION = YES;
				CLANG_WARN_OBJC_ROOT_CLASS = YES_ERROR;
				CLANG_WARN_SUSPICIOUS_MOVE = YES;
				CLANG_WARN_UNREACHABLE_CODE = YES;
				CLANG_WARN__DUPLICATE_METHOD_MATCH = YES;
				CODE_SIGN_IDENTITY = "-";
				COPY_PHASE_STRIP = NO;
				DEBUG_INFORMATION_FORMAT = dwarf;
				ENABLE_STRICT_OBJC_MSGSEND = YES;
				ENABLE_TESTABILITY = YES;
				GCC_C_LANGUAGE_STANDARD = gnu99;
				GCC_DYNAMIC_NO_PIC = NO;
				GCC_NO_COMMON_BLOCKS = YES;
				GCC_OPTIMIZATION_LEVEL = 0;
				GCC_PREPROCESSOR_DEFINITIONS = (
					"DEBUG=1",
					"$(inherited)",
				);
				GCC_TREAT_WARNINGS_AS_ERRORS = NO;
				GCC_WARN_64_TO_32_BIT_CONVERSION = YES;
				GCC_WARN_ABOUT_RETURN_TYPE = YES_ERROR;
				GCC_WARN_UNDECLARED_SELECTOR = YES;
				GCC_WARN_UNINITIALIZED_AUTOS = YES_AGGRESSIVE;
				GCC_WARN_UNUSED_FUNCTION = YES;
				GCC_WARN_UNUSED_LABEL = YES;
				GCC_WARN_UNUSED_PARAMETER = YES;
				GCC_WARN_UNUSED_VARIABLE = YES;
				MACOSX_DEPLOYMENT_TARGET = 10.12;
				MTL_ENABLE_DEBUG_INFO = YES;
				ONLY_ACTIVE_ARCH = YES;
				SDKROOT = macosx;
				SWIFT_ACTIVE_COMPILATION_CONDITIONS = DEBUG;
				SWIFT_OPTIMIZATION_LEVEL = "-Onone";
			};
			name = Debug;
		};
		AE1C88EE1E4BFEBA0071508F /* Release */ = {
			isa = XCBuildConfiguration;
			buildSettings = {
				ALWAYS_SEARCH_USER_PATHS = NO;
				CLANG_ANALYZER_NONNULL = YES;
				CLANG_CXX_LANGUAGE_STANDARD = "gnu++0x";
				CLANG_CXX_LIBRARY = "libc++";
				CLANG_ENABLE_MODULES = YES;
				CLANG_ENABLE_OBJC_ARC = YES;
				CLANG_WARN_BOOL_CONVERSION = YES;
				CLANG_WARN_CONSTANT_CONVERSION = YES;
				CLANG_WARN_DIRECT_OBJC_ISA_USAGE = YES_ERROR;
				CLANG_WARN_DOCUMENTATION_COMMENTS = YES;
				CLANG_WARN_EMPTY_BODY = YES;
				CLANG_WARN_ENUM_CONVERSION = YES;
				CLANG_WARN_INFINITE_RECURSION = YES;
				CLANG_WARN_INT_CONVERSION = YES;
				CLANG_WARN_OBJC_ROOT_CLASS = YES_ERROR;
				CLANG_WARN_SUSPICIOUS_MOVE = YES;
				CLANG_WARN_UNREACHABLE_CODE = YES;
				CLANG_WARN__DUPLICATE_METHOD_MATCH = YES;
				CODE_SIGN_IDENTITY = "-";
				COPY_PHASE_STRIP = NO;
				DEBUG_INFORMATION_FORMAT = "dwarf-with-dsym";
				ENABLE_NS_ASSERTIONS = NO;
				ENABLE_STRICT_OBJC_MSGSEND = YES;
				GCC_C_LANGUAGE_STANDARD = gnu99;
				GCC_NO_COMMON_BLOCKS = YES;
				GCC_TREAT_WARNINGS_AS_ERRORS = NO;
				GCC_WARN_64_TO_32_BIT_CONVERSION = YES;
				GCC_WARN_ABOUT_RETURN_TYPE = YES_ERROR;
				GCC_WARN_UNDECLARED_SELECTOR = YES;
				GCC_WARN_UNINITIALIZED_AUTOS = YES_AGGRESSIVE;
				GCC_WARN_UNUSED_FUNCTION = YES;
				GCC_WARN_UNUSED_LABEL = YES;
				GCC_WARN_UNUSED_PARAMETER = YES;
				GCC_WARN_UNUSED_VARIABLE = YES;
				MACOSX_DEPLOYMENT_TARGET = 10.12;
				MTL_ENABLE_DEBUG_INFO = NO;
				SDKROOT = macosx;
				SWIFT_OPTIMIZATION_LEVEL = "-Owholemodule";
			};
			name = Release;
		};
		AE1C88F01E4BFEBA0071508F /* Debug */ = {
			isa = XCBuildConfiguration;
			buildSettings = {
				ASSETCATALOG_COMPILER_APPICON_NAME = AppIcon;
				COMBINE_HIDPI_IMAGES = YES;
				INFOPLIST_FILE = Azusa/Info.plist;
				LD_RUNPATH_SEARCH_PATHS = "$(inherited) @executable_path/../Frameworks";
				LIBRARY_SEARCH_PATHS = (
					"$(inherited)",
					"$(PROJECT_DIR)/External/libmpdclient",
					"$(PROJECT_DIR)/Azusa/External/libmpdclient",
				);
				MACOSX_DEPLOYMENT_TARGET = 10.11;
				PRODUCT_BUNDLE_IDENTIFIER = drabweb.Azusa;
				PRODUCT_NAME = "$(TARGET_NAME)";
				SWIFT_INCLUDE_PATHS = "";
				"SWIFT_INCLUDE_PATHS[arch=*]" = "$(SRCROOT)/External/libmpdclient/";
				SWIFT_OBJC_BRIDGING_HEADER = "";
				SWIFT_VERSION = 3.0;
			};
			name = Debug;
		};
		AE1C88F11E4BFEBA0071508F /* Release */ = {
			isa = XCBuildConfiguration;
			buildSettings = {
				ASSETCATALOG_COMPILER_APPICON_NAME = AppIcon;
				COMBINE_HIDPI_IMAGES = YES;
				INFOPLIST_FILE = Azusa/Info.plist;
				LD_RUNPATH_SEARCH_PATHS = "$(inherited) @executable_path/../Frameworks";
				LIBRARY_SEARCH_PATHS = (
					"$(inherited)",
					"$(PROJECT_DIR)/External/libmpdclient",
					"$(PROJECT_DIR)/Azusa/External/libmpdclient",
				);
				MACOSX_DEPLOYMENT_TARGET = 10.11;
				PRODUCT_BUNDLE_IDENTIFIER = drabweb.Azusa;
				PRODUCT_NAME = "$(TARGET_NAME)";
				SWIFT_INCLUDE_PATHS = "$(SRCROOT)/Libraries/libmpdclient/";
				SWIFT_OBJC_BRIDGING_HEADER = "";
				SWIFT_VERSION = 3.0;
			};
			name = Release;
		};
		AE1C88F31E4BFEBA0071508F /* Debug */ = {
			isa = XCBuildConfiguration;
			buildSettings = {
				ALWAYS_EMBED_SWIFT_STANDARD_LIBRARIES = YES;
				COMBINE_HIDPI_IMAGES = YES;
				INFOPLIST_FILE = AzusaUITests/Info.plist;
				LD_RUNPATH_SEARCH_PATHS = "$(inherited) @executable_path/../Frameworks @loader_path/../Frameworks";
				PRODUCT_BUNDLE_IDENTIFIER = drabweb.AzusaUITests;
				PRODUCT_NAME = "$(TARGET_NAME)";
				SWIFT_VERSION = 3.0;
				TEST_TARGET_NAME = Azusa;
			};
			name = Debug;
		};
		AE1C88F41E4BFEBA0071508F /* Release */ = {
			isa = XCBuildConfiguration;
			buildSettings = {
				ALWAYS_EMBED_SWIFT_STANDARD_LIBRARIES = YES;
				COMBINE_HIDPI_IMAGES = YES;
				INFOPLIST_FILE = AzusaUITests/Info.plist;
				LD_RUNPATH_SEARCH_PATHS = "$(inherited) @executable_path/../Frameworks @loader_path/../Frameworks";
				PRODUCT_BUNDLE_IDENTIFIER = drabweb.AzusaUITests;
				PRODUCT_NAME = "$(TARGET_NAME)";
				SWIFT_VERSION = 3.0;
				TEST_TARGET_NAME = Azusa;
			};
			name = Release;
		};
/* End XCBuildConfiguration section */

/* Begin XCConfigurationList section */
		AE1C88D01E4BFEB90071508F /* Build configuration list for PBXProject "Azusa" */ = {
			isa = XCConfigurationList;
			buildConfigurations = (
				AE1C88ED1E4BFEBA0071508F /* Debug */,
				AE1C88EE1E4BFEBA0071508F /* Release */,
			);
			defaultConfigurationIsVisible = 0;
			defaultConfigurationName = Release;
		};
		AE1C88EF1E4BFEBA0071508F /* Build configuration list for PBXNativeTarget "Azusa" */ = {
			isa = XCConfigurationList;
			buildConfigurations = (
				AE1C88F01E4BFEBA0071508F /* Debug */,
				AE1C88F11E4BFEBA0071508F /* Release */,
			);
			defaultConfigurationIsVisible = 0;
			defaultConfigurationName = Release;
		};
		AE1C88F21E4BFEBA0071508F /* Build configuration list for PBXNativeTarget "AzusaUITests" */ = {
			isa = XCConfigurationList;
			buildConfigurations = (
				AE1C88F31E4BFEBA0071508F /* Debug */,
				AE1C88F41E4BFEBA0071508F /* Release */,
			);
			defaultConfigurationIsVisible = 0;
			defaultConfigurationName = Release;
		};
/* End XCConfigurationList section */
	};
	rootObject = AE1C88CD1E4BFEB90071508F /* Project object */;
}
